// !$*UTF8*$!
{
	archiveVersion = 1;
	classes = {
	};
	objectVersion = 55;
	objects = {

/* Begin PBXBuildFile section */
		0408969C28C749F60065A93F /* ChatAPI.swift in Sources */ = {isa = PBXBuildFile; fileRef = 0408969B28C749F60065A93F /* ChatAPI.swift */; };
		0408969E28C759C40065A93F /* MessagesResponse.swift in Sources */ = {isa = PBXBuildFile; fileRef = 0408969D28C759C40065A93F /* MessagesResponse.swift */; };
		040CD5ED28CA2179002513BF /* UITableView + Extension.swift in Sources */ = {isa = PBXBuildFile; fileRef = 040CD5EC28CA2179002513BF /* UITableView + Extension.swift */; };
		040D610E28C62CE400B772F4 /* QRCodeVC.swift in Sources */ = {isa = PBXBuildFile; fileRef = 040D610D28C62CE400B772F4 /* QRCodeVC.swift */; };
		0479D20D28C8535F0003A912 /* MimeType + Extension.swift in Sources */ = {isa = PBXBuildFile; fileRef = 0479D20C28C8535F0003A912 /* MimeType + Extension.swift */; };
		048E657328C0A87300A5A6DA /* ChatVC.swift in Sources */ = {isa = PBXBuildFile; fileRef = 048E657228C0A87300A5A6DA /* ChatVC.swift */; };
		048E657528C0BB7E00A5A6DA /* ChatSupportTableViewCell.swift in Sources */ = {isa = PBXBuildFile; fileRef = 048E657428C0BB7E00A5A6DA /* ChatSupportTableViewCell.swift */; };
		048E657928C0D11100A5A6DA /* ChatTableViewCell.swift in Sources */ = {isa = PBXBuildFile; fileRef = 048E657828C0D11000A5A6DA /* ChatTableViewCell.swift */; };
		4001C70C28C7246D004D25A9 /* StockVC.swift in Sources */ = {isa = PBXBuildFile; fileRef = 4001C70B28C7246D004D25A9 /* StockVC.swift */; };
		4001C70E28C725F7004D25A9 /* StockTableViewCell.swift in Sources */ = {isa = PBXBuildFile; fileRef = 4001C70D28C725F7004D25A9 /* StockTableViewCell.swift */; };
		4001C71028C734A9004D25A9 /* StockResponce.swift in Sources */ = {isa = PBXBuildFile; fileRef = 4001C70F28C734A9004D25A9 /* StockResponce.swift */; };
		4001C71228C7355F004D25A9 /* StockAPI.swift in Sources */ = {isa = PBXBuildFile; fileRef = 4001C71128C7355F004D25A9 /* StockAPI.swift */; };
		4001C71428C74A5D004D25A9 /* StockInfoVC.swift in Sources */ = {isa = PBXBuildFile; fileRef = 4001C71328C74A5D004D25A9 /* StockInfoVC.swift */; };
		4001C71628C752F2004D25A9 /* AddStockVC.swift in Sources */ = {isa = PBXBuildFile; fileRef = 4001C71528C752F2004D25A9 /* AddStockVC.swift */; };
		4003922E28B5F1B1001E174B /* MyLastRemindersTableViewCell.swift in Sources */ = {isa = PBXBuildFile; fileRef = 4003922D28B5F1B1001E174B /* MyLastRemindersTableViewCell.swift */; };
		4006222028A3CC2200E55C04 /* CarInfoNumberView.swift in Sources */ = {isa = PBXBuildFile; fileRef = 4006221F28A3CC2200E55C04 /* CarInfoNumberView.swift */; };
		4013070E28B2453D00A8F662 /* AddReminderVC.swift in Sources */ = {isa = PBXBuildFile; fileRef = 4013070D28B2453D00A8F662 /* AddReminderVC.swift */; };
		4013071028B2465600A8F662 /* NewReminder.swift in Sources */ = {isa = PBXBuildFile; fileRef = 4013070F28B2465600A8F662 /* NewReminder.swift */; };
		4013071428B3473C00A8F662 /* MyRemindersVC.swift in Sources */ = {isa = PBXBuildFile; fileRef = 4013071328B3473C00A8F662 /* MyRemindersVC.swift */; };
		4013071628B349B800A8F662 /* MyRamindersTableViewCell.swift in Sources */ = {isa = PBXBuildFile; fileRef = 4013071528B349B800A8F662 /* MyRamindersTableViewCell.swift */; };
		4013071828B34EF300A8F662 /* ReminderResponce.swift in Sources */ = {isa = PBXBuildFile; fileRef = 4013071728B34EF300A8F662 /* ReminderResponce.swift */; };
		401C746428A1431600CA5DAD /* CarInfoVC.swift in Sources */ = {isa = PBXBuildFile; fileRef = 401C746328A1431600CA5DAD /* CarInfoVC.swift */; };
		4049212828A177AB00257750 /* CarResponse.swift in Sources */ = {isa = PBXBuildFile; fileRef = 4049212728A177AB00257750 /* CarResponse.swift */; };
		405CB81E28B5E51100881004 /* ReminderCellButton.swift in Sources */ = {isa = PBXBuildFile; fileRef = 405CB81D28B5E51100881004 /* ReminderCellButton.swift */; };
		405CB82028B5E61200881004 /* ReminderCellEditButton.swift in Sources */ = {isa = PBXBuildFile; fileRef = 405CB81F28B5E61200881004 /* ReminderCellEditButton.swift */; };
		405E643C28AA772100A07FEC /* GenderSwitch.swift in Sources */ = {isa = PBXBuildFile; fileRef = 405E643B28AA772100A07FEC /* GenderSwitch.swift */; };
		406B188A28BFE99F00112178 /* CreateFeedBackVC.swift in Sources */ = {isa = PBXBuildFile; fileRef = 406B188428BFE99F00112178 /* CreateFeedBackVC.swift */; };
		406B188B28BFE99F00112178 /* FeedBackViewController.swift in Sources */ = {isa = PBXBuildFile; fileRef = 406B188628BFE99F00112178 /* FeedBackViewController.swift */; };
		406B188C28BFE99F00112178 /* AllFeedBacksTableViewCell.swift in Sources */ = {isa = PBXBuildFile; fileRef = 406B188828BFE99F00112178 /* AllFeedBacksTableViewCell.swift */; };
		406B188D28BFE99F00112178 /* AllFeedBacksViewController.swift in Sources */ = {isa = PBXBuildFile; fileRef = 406B188928BFE99F00112178 /* AllFeedBacksViewController.swift */; };
		406B189128BFE9DB00112178 /* NotificationVC.swift in Sources */ = {isa = PBXBuildFile; fileRef = 406B188F28BFE9DA00112178 /* NotificationVC.swift */; };
		406B189228BFE9DB00112178 /* NotificationTableViewCell.swift in Sources */ = {isa = PBXBuildFile; fileRef = 406B189028BFE9DA00112178 /* NotificationTableViewCell.swift */; };
		406B189728BFE9E300112178 /* BonusVC.swift in Sources */ = {isa = PBXBuildFile; fileRef = 406B189428BFE9E300112178 /* BonusVC.swift */; };
		406B189828BFE9E300112178 /* MainBonusTableViewCell.swift in Sources */ = {isa = PBXBuildFile; fileRef = 406B189528BFE9E300112178 /* MainBonusTableViewCell.swift */; };
		406B189928BFE9E300112178 /* BonusTableViewCell.swift in Sources */ = {isa = PBXBuildFile; fileRef = 406B189628BFE9E300112178 /* BonusTableViewCell.swift */; };
		406B18C028BFEB9C00112178 /* LoginAPI.swift in Sources */ = {isa = PBXBuildFile; fileRef = 406B18B428BFEB9C00112178 /* LoginAPI.swift */; };
		406B18C128BFEB9C00112178 /* BonusAPI.swift in Sources */ = {isa = PBXBuildFile; fileRef = 406B18B528BFEB9C00112178 /* BonusAPI.swift */; };
		406B18C228BFEB9C00112178 /* RequestInterceptor.swift in Sources */ = {isa = PBXBuildFile; fileRef = 406B18B628BFEB9C00112178 /* RequestInterceptor.swift */; };
		406B18C328BFEB9C00112178 /* OrderAPI.swift in Sources */ = {isa = PBXBuildFile; fileRef = 406B18B728BFEB9C00112178 /* OrderAPI.swift */; };
		406B18C428BFEB9C00112178 /* NotificationAPI.swift in Sources */ = {isa = PBXBuildFile; fileRef = 406B18B828BFEB9C00112178 /* NotificationAPI.swift */; };
		406B18C528BFEB9C00112178 /* TechCenterAPI.swift in Sources */ = {isa = PBXBuildFile; fileRef = 406B18B928BFEB9C00112178 /* TechCenterAPI.swift */; };
		406B18C628BFEB9C00112178 /* BaseAPI.swift in Sources */ = {isa = PBXBuildFile; fileRef = 406B18BA28BFEB9C00112178 /* BaseAPI.swift */; };
		406B18C728BFEB9C00112178 /* ProfileAPI.swift in Sources */ = {isa = PBXBuildFile; fileRef = 406B18BB28BFEB9C00112178 /* ProfileAPI.swift */; };
		406B18C828BFEB9C00112178 /* ReviewAPI.swift in Sources */ = {isa = PBXBuildFile; fileRef = 406B18BC28BFEB9C00112178 /* ReviewAPI.swift */; };
		406B18C928BFEB9C00112178 /* CarAPI.swift in Sources */ = {isa = PBXBuildFile; fileRef = 406B18BD28BFEB9C00112178 /* CarAPI.swift */; };
		406B18CA28BFEB9C00112178 /* ReminderAPI.swift in Sources */ = {isa = PBXBuildFile; fileRef = 406B18BE28BFEB9C00112178 /* ReminderAPI.swift */; };
		406B18CB28BFEB9C00112178 /* NetworkError.swift in Sources */ = {isa = PBXBuildFile; fileRef = 406B18BF28BFEB9C00112178 /* NetworkError.swift */; };
		406B18D028BFEBEF00112178 /* NotificationLocal.swift in Sources */ = {isa = PBXBuildFile; fileRef = 406B18CC28BFEBEE00112178 /* NotificationLocal.swift */; };
		406B18D128BFEBEF00112178 /* ReviewResponce.swift in Sources */ = {isa = PBXBuildFile; fileRef = 406B18CD28BFEBEF00112178 /* ReviewResponce.swift */; };
		406B18D228BFEBEF00112178 /* ListTechCentersResponce.swift in Sources */ = {isa = PBXBuildFile; fileRef = 406B18CE28BFEBEF00112178 /* ListTechCentersResponce.swift */; };
		406B18D328BFEBEF00112178 /* BonusResponse.swift in Sources */ = {isa = PBXBuildFile; fileRef = 406B18CF28BFEBEF00112178 /* BonusResponse.swift */; };
		40BA091328A23B8B00990A72 /* DeleteButton.swift in Sources */ = {isa = PBXBuildFile; fileRef = 40BA091228A23B8B00990A72 /* DeleteButton.swift */; };
		40C8EEA328BE821900DFD003 /* NotificationService.swift in Sources */ = {isa = PBXBuildFile; fileRef = 40C8EEA228BE821900DFD003 /* NotificationService.swift */; };
		40D9C27728AAB1BB005195B5 /* UIImage+Extension.swift in Sources */ = {isa = PBXBuildFile; fileRef = 40D9C27628AAB1BB005195B5 /* UIImage+Extension.swift */; };
		7EA2EB5F28A5067900C70910 /* BirthdayPicker.swift in Sources */ = {isa = PBXBuildFile; fileRef = 7EA2EB5C28A5067900C70910 /* BirthdayPicker.swift */; };
		7EA2EB6028A5067900C70910 /* TitledTextField.swift in Sources */ = {isa = PBXBuildFile; fileRef = 7EA2EB5D28A5067900C70910 /* TitledTextField.swift */; };
		7EA2EB6128A5067900C70910 /* SwitchView.swift in Sources */ = {isa = PBXBuildFile; fileRef = 7EA2EB5E28A5067900C70910 /* SwitchView.swift */; };
		8456BA6B28815AF200684AF5 /* PhoneCallView.swift in Sources */ = {isa = PBXBuildFile; fileRef = 8456BA6A28815AF200684AF5 /* PhoneCallView.swift */; };
		8456BA6E2881659E00684AF5 /* PhoneCallButton.swift in Sources */ = {isa = PBXBuildFile; fileRef = 8456BA6D2881659E00684AF5 /* PhoneCallButton.swift */; };
		8456BA702881786600684AF5 /* RequestCallButton.swift in Sources */ = {isa = PBXBuildFile; fileRef = 8456BA6F2881786600684AF5 /* RequestCallButton.swift */; };
		848D9AAF28804C6A00C4BC3F /* RouteButton.swift in Sources */ = {isa = PBXBuildFile; fileRef = 848D9AAE28804C6A00C4BC3F /* RouteButton.swift */; };
		848D9AB1288054FF00C4BC3F /* SideMenuButton.swift in Sources */ = {isa = PBXBuildFile; fileRef = 848D9AB0288054FF00C4BC3F /* SideMenuButton.swift */; };
		849836312886974800EF47D0 /* BackButton.swift in Sources */ = {isa = PBXBuildFile; fileRef = 849836302886974800EF47D0 /* BackButton.swift */; };
		849836372886EDBC00EF47D0 /* AuthResponse.swift in Sources */ = {isa = PBXBuildFile; fileRef = 849836362886EDBC00EF47D0 /* AuthResponse.swift */; };
		8498365028872B6A00EF47D0 /* SmsResponse.swift in Sources */ = {isa = PBXBuildFile; fileRef = 8498364F28872B6A00EF47D0 /* SmsResponse.swift */; };
		84A4AB692889C51700B657F1 /* CabinetVC.swift in Sources */ = {isa = PBXBuildFile; fileRef = 84A4AB682889C51700B657F1 /* CabinetVC.swift */; };
		84A4AB6B2889CCB900B657F1 /* LogoutButton.swift in Sources */ = {isa = PBXBuildFile; fileRef = 84A4AB6A2889CCB900B657F1 /* LogoutButton.swift */; };
		84A4AB6D2889CFB800B657F1 /* PersonalAreaButton.swift in Sources */ = {isa = PBXBuildFile; fileRef = 84A4AB6C2889CFB800B657F1 /* PersonalAreaButton.swift */; };
		84A509A928A2540500B30D6E /* CabinetBackButton.swift in Sources */ = {isa = PBXBuildFile; fileRef = 84A509A828A2540500B30D6E /* CabinetBackButton.swift */; };
		84A509AF28A26E3200B30D6E /* ProfileVC.swift in Sources */ = {isa = PBXBuildFile; fileRef = 84A509AE28A26E3200B30D6E /* ProfileVC.swift */; };
		84AC3B96289AAE5300353231 /* String+Extension.swift in Sources */ = {isa = PBXBuildFile; fileRef = 84AC3B95289AAE5300353231 /* String+Extension.swift */; };
		84AC3B98289B007900353231 /* TechnicalCenter.swift in Sources */ = {isa = PBXBuildFile; fileRef = 84AC3B97289B007900353231 /* TechnicalCenter.swift */; };
		84ACAF292891848D0012508C /* CarVC.swift in Sources */ = {isa = PBXBuildFile; fileRef = 84ACAF282891848D0012508C /* CarVC.swift */; };
		84ACAF2B289184B90012508C /* Constants.swift in Sources */ = {isa = PBXBuildFile; fileRef = 84ACAF2A289184B90012508C /* Constants.swift */; };
		84ACAF2D289184F80012508C /* CustomDropdown.swift in Sources */ = {isa = PBXBuildFile; fileRef = 84ACAF2C289184F70012508C /* CustomDropdown.swift */; };
		84ACAF30289185070012508C /* CustomTextField.swift in Sources */ = {isa = PBXBuildFile; fileRef = 84ACAF2E289185060012508C /* CustomTextField.swift */; };
		84ACAF31289185070012508C /* CustomLabel.swift in Sources */ = {isa = PBXBuildFile; fileRef = 84ACAF2F289185060012508C /* CustomLabel.swift */; };
		84ACAF342891857F0012508C /* UITextField+Extension.swift in Sources */ = {isa = PBXBuildFile; fileRef = 84ACAF322891857F0012508C /* UITextField+Extension.swift */; };
		84ACAF352891857F0012508C /* UIViewController+Extension.swift in Sources */ = {isa = PBXBuildFile; fileRef = 84ACAF332891857F0012508C /* UIViewController+Extension.swift */; };
		84ACAF4328927D970012508C /* CustomPhotoView.swift in Sources */ = {isa = PBXBuildFile; fileRef = 84ACAF4228927D970012508C /* CustomPhotoView.swift */; };
		84ACAF4628927DEB0012508C /* CarModelResponse.swift in Sources */ = {isa = PBXBuildFile; fileRef = 84ACAF4428927DEB0012508C /* CarModelResponse.swift */; };
		84ACAF4728927DEB0012508C /* CarMarkResponse.swift in Sources */ = {isa = PBXBuildFile; fileRef = 84ACAF4528927DEB0012508C /* CarMarkResponse.swift */; };
		84ACAF4A289285320012508C /* TechnicalCenterVC.swift in Sources */ = {isa = PBXBuildFile; fileRef = 84ACAF49289285320012508C /* TechnicalCenterVC.swift */; };
		84ACAF4C28929DE40012508C /* TechnicalCenterTableViewCell.swift in Sources */ = {isa = PBXBuildFile; fileRef = 84ACAF4B28929DE40012508C /* TechnicalCenterTableViewCell.swift */; };
		84ACAF4E2892B1250012508C /* TechCellNaviButton.swift in Sources */ = {isa = PBXBuildFile; fileRef = 84ACAF4D2892B1250012508C /* TechCellNaviButton.swift */; };
		84ACAF502892C6C70012508C /* TechCellSingUpButton.swift in Sources */ = {isa = PBXBuildFile; fileRef = 84ACAF4F2892C6C70012508C /* TechCellSingUpButton.swift */; };
		84AE2730288AA63E000870D4 /* UserDefaults.swift in Sources */ = {isa = PBXBuildFile; fileRef = 84AE272F288AA63E000870D4 /* UserDefaults.swift */; };
		84AE2734288AB460000870D4 /* SideMenuTableViewCell.swift in Sources */ = {isa = PBXBuildFile; fileRef = 84AE2733288AB460000870D4 /* SideMenuTableViewCell.swift */; };
		84AE2737288AE772000870D4 /* MyCarsVC.swift in Sources */ = {isa = PBXBuildFile; fileRef = 84AE2736288AE772000870D4 /* MyCarsVC.swift */; };
		84AE2739288BD45E000870D4 /* SmallBackButton.swift in Sources */ = {isa = PBXBuildFile; fileRef = 84AE2738288BD45E000870D4 /* SmallBackButton.swift */; };
		84AE273B288BEE75000870D4 /* UISegmentedControl+Extension.swift in Sources */ = {isa = PBXBuildFile; fileRef = 84AE273A288BEE75000870D4 /* UISegmentedControl+Extension.swift */; };
		84AE273D288BF10E000870D4 /* MyCarsTableViewCell.swift in Sources */ = {isa = PBXBuildFile; fileRef = 84AE273C288BF10E000870D4 /* MyCarsTableViewCell.swift */; };
		84AE273F288D2AFF000870D4 /* CarNumberView.swift in Sources */ = {isa = PBXBuildFile; fileRef = 84AE273E288D2AFF000870D4 /* CarNumberView.swift */; };
		84AE2742288D4792000870D4 /* Formatter+Separator.swift in Sources */ = {isa = PBXBuildFile; fileRef = 84AE2741288D4792000870D4 /* Formatter+Separator.swift */; };
		84AFF8292887DBD0009207BD /* CustomError.swift in Sources */ = {isa = PBXBuildFile; fileRef = 84AFF8282887DBD0009207BD /* CustomError.swift */; };
		84B2411528AD84A0000A6396 /* MyCarOrder.swift in Sources */ = {isa = PBXBuildFile; fileRef = 84B2411428AD84A0000A6396 /* MyCarOrder.swift */; };
		84D94F57288559D90023AA02 /* RegistrationVC.swift in Sources */ = {isa = PBXBuildFile; fileRef = 84D94F56288559D90023AA02 /* RegistrationVC.swift */; };
		84D94F5928855F0D0023AA02 /* MainVC.swift in Sources */ = {isa = PBXBuildFile; fileRef = 84D94F5828855F0D0023AA02 /* MainVC.swift */; };
		84D94F5B2885AD4A0023AA02 /* ActionButton.swift in Sources */ = {isa = PBXBuildFile; fileRef = 84D94F5A2885AD4A0023AA02 /* ActionButton.swift */; };
		84DDD273287ED3A100272C19 /* AppDelegate.swift in Sources */ = {isa = PBXBuildFile; fileRef = 84DDD272287ED3A100272C19 /* AppDelegate.swift */; };
		84DDD275287ED3A100272C19 /* SceneDelegate.swift in Sources */ = {isa = PBXBuildFile; fileRef = 84DDD274287ED3A100272C19 /* SceneDelegate.swift */; };
		84DDD27A287ED3A100272C19 /* Main.storyboard in Resources */ = {isa = PBXBuildFile; fileRef = 84DDD278287ED3A100272C19 /* Main.storyboard */; };
		84DDD27C287ED3A200272C19 /* Assets.xcassets in Resources */ = {isa = PBXBuildFile; fileRef = 84DDD27B287ED3A200272C19 /* Assets.xcassets */; };
		84DDD27F287ED3A200272C19 /* LaunchScreen.storyboard in Resources */ = {isa = PBXBuildFile; fileRef = 84DDD27D287ED3A200272C19 /* LaunchScreen.storyboard */; };
		84DDD288287ED54600272C19 /* MainRouter.swift in Sources */ = {isa = PBXBuildFile; fileRef = 84DDD287287ED54600272C19 /* MainRouter.swift */; };
		84DDD28A287ED56200272C19 /* AppCoordinator.swift in Sources */ = {isa = PBXBuildFile; fileRef = 84DDD289287ED56200272C19 /* AppCoordinator.swift */; };
		84DDD28F287EF04700272C19 /* BaseVC.swift in Sources */ = {isa = PBXBuildFile; fileRef = 84DDD28E287EF04700272C19 /* BaseVC.swift */; };
		84DDD292287F0A2E00272C19 /* MainScreenButton.swift in Sources */ = {isa = PBXBuildFile; fileRef = 84DDD291287F0A2E00272C19 /* MainScreenButton.swift */; };
		84DDD2A7287F0AE800272C19 /* Montserrat-Italic.ttf in Resources */ = {isa = PBXBuildFile; fileRef = 84DDD295287F0AE700272C19 /* Montserrat-Italic.ttf */; };
		84DDD2A8287F0AE800272C19 /* Montserrat-BoldItalic.ttf in Resources */ = {isa = PBXBuildFile; fileRef = 84DDD296287F0AE700272C19 /* Montserrat-BoldItalic.ttf */; };
		84DDD2A9287F0AE800272C19 /* Montserrat-ExtraLightItalic.ttf in Resources */ = {isa = PBXBuildFile; fileRef = 84DDD297287F0AE700272C19 /* Montserrat-ExtraLightItalic.ttf */; };
		84DDD2AA287F0AE800272C19 /* Montserrat-Medium.ttf in Resources */ = {isa = PBXBuildFile; fileRef = 84DDD298287F0AE700272C19 /* Montserrat-Medium.ttf */; };
		84DDD2AB287F0AE800272C19 /* Montserrat-ThinItalic.ttf in Resources */ = {isa = PBXBuildFile; fileRef = 84DDD299287F0AE700272C19 /* Montserrat-ThinItalic.ttf */; };
		84DDD2AC287F0AE800272C19 /* Montserrat-LightItalic.ttf in Resources */ = {isa = PBXBuildFile; fileRef = 84DDD29A287F0AE700272C19 /* Montserrat-LightItalic.ttf */; };
		84DDD2AD287F0AE800272C19 /* Montserrat-ExtraBold.ttf in Resources */ = {isa = PBXBuildFile; fileRef = 84DDD29B287F0AE700272C19 /* Montserrat-ExtraBold.ttf */; };
		84DDD2AE287F0AE800272C19 /* Montserrat-Bold.ttf in Resources */ = {isa = PBXBuildFile; fileRef = 84DDD29C287F0AE800272C19 /* Montserrat-Bold.ttf */; };
		84DDD2AF287F0AE800272C19 /* Montserrat-ExtraBoldItalic.ttf in Resources */ = {isa = PBXBuildFile; fileRef = 84DDD29D287F0AE800272C19 /* Montserrat-ExtraBoldItalic.ttf */; };
		84DDD2B0287F0AE800272C19 /* Montserrat-MediumItalic.ttf in Resources */ = {isa = PBXBuildFile; fileRef = 84DDD29E287F0AE800272C19 /* Montserrat-MediumItalic.ttf */; };
		84DDD2B1287F0AE800272C19 /* Montserrat-Regular.ttf in Resources */ = {isa = PBXBuildFile; fileRef = 84DDD29F287F0AE800272C19 /* Montserrat-Regular.ttf */; };
		84DDD2B2287F0AE800272C19 /* Montserrat-Light.ttf in Resources */ = {isa = PBXBuildFile; fileRef = 84DDD2A0287F0AE800272C19 /* Montserrat-Light.ttf */; };
		84DDD2B3287F0AE800272C19 /* Montserrat-ExtraLight.ttf in Resources */ = {isa = PBXBuildFile; fileRef = 84DDD2A1287F0AE800272C19 /* Montserrat-ExtraLight.ttf */; };
		84DDD2B4287F0AE800272C19 /* Montserrat-BlackItalic.ttf in Resources */ = {isa = PBXBuildFile; fileRef = 84DDD2A2287F0AE800272C19 /* Montserrat-BlackItalic.ttf */; };
		84DDD2B5287F0AE800272C19 /* Montserrat-SemiBold.ttf in Resources */ = {isa = PBXBuildFile; fileRef = 84DDD2A3287F0AE800272C19 /* Montserrat-SemiBold.ttf */; };
		84DDD2B6287F0AE800272C19 /* Montserrat-SemiBoldItalic.ttf in Resources */ = {isa = PBXBuildFile; fileRef = 84DDD2A4287F0AE800272C19 /* Montserrat-SemiBoldItalic.ttf */; };
		84DDD2B7287F0AE800272C19 /* Montserrat-Thin.ttf in Resources */ = {isa = PBXBuildFile; fileRef = 84DDD2A5287F0AE800272C19 /* Montserrat-Thin.ttf */; };
		84DDD2B8287F0AE800272C19 /* Montserrat-Black.ttf in Resources */ = {isa = PBXBuildFile; fileRef = 84DDD2A6287F0AE800272C19 /* Montserrat-Black.ttf */; };
		84DDD2BB287F12FC00272C19 /* UIColor+Extension.swift in Sources */ = {isa = PBXBuildFile; fileRef = 84DDD2BA287F12FC00272C19 /* UIColor+Extension.swift */; };
		84DDD2BE287F393300272C19 /* SideMenuVC.swift in Sources */ = {isa = PBXBuildFile; fileRef = 84DDD2BD287F393300272C19 /* SideMenuVC.swift */; };
		88038F4928A905A5009A0A59 /* CarInfoCollectionViewCell.swift in Sources */ = {isa = PBXBuildFile; fileRef = 88038F4828A905A5009A0A59 /* CarInfoCollectionViewCell.swift */; };
		E02E316A28A2BCA30067CEAB /* OrderTypeResponce.swift in Sources */ = {isa = PBXBuildFile; fileRef = E02E316928A2BCA30067CEAB /* OrderTypeResponce.swift */; };
		E02E316C28A2BFAD0067CEAB /* NewOrder.swift in Sources */ = {isa = PBXBuildFile; fileRef = E02E316B28A2BFAD0067CEAB /* NewOrder.swift */; };
		E02E316F28A3C9790067CEAB /* HistoryCarsVC.swift in Sources */ = {isa = PBXBuildFile; fileRef = E02E316E28A3C9790067CEAB /* HistoryCarsVC.swift */; };
		E02E317128A3CB990067CEAB /* HistoryCarTableViewCell.swift in Sources */ = {isa = PBXBuildFile; fileRef = E02E317028A3CB990067CEAB /* HistoryCarTableViewCell.swift */; };
		E02E317928A414710067CEAB /* OrdersForCarVC.swift in Sources */ = {isa = PBXBuildFile; fileRef = E02E317828A414710067CEAB /* OrdersForCarVC.swift */; };
		E02E317B28A514530067CEAB /* OrderForCarTableViewCell.swift in Sources */ = {isa = PBXBuildFile; fileRef = E02E317A28A514530067CEAB /* OrderForCarTableViewCell.swift */; };
		E02E317E28A51AC90067CEAB /* DeteilOrderForCarVC.swift in Sources */ = {isa = PBXBuildFile; fileRef = E02E317D28A51AC90067CEAB /* DeteilOrderForCarVC.swift */; };
		E02E318028A51C990067CEAB /* DeteilOrderForCarTableViewCell.swift in Sources */ = {isa = PBXBuildFile; fileRef = E02E317F28A51C990067CEAB /* DeteilOrderForCarTableViewCell.swift */; };
		E02E318228A522BD0067CEAB /* CarOrderResponce.swift in Sources */ = {isa = PBXBuildFile; fileRef = E02E318128A522BD0067CEAB /* CarOrderResponce.swift */; };
		E08B3CE628BF690A00140D22 /* ArticlesViewController.swift in Sources */ = {isa = PBXBuildFile; fileRef = E08B3CE528BF690A00140D22 /* ArticlesViewController.swift */; };
		E08B3CE828BF692B00140D22 /* ArticlesTableViewCell.swift in Sources */ = {isa = PBXBuildFile; fileRef = E08B3CE728BF692B00140D22 /* ArticlesTableViewCell.swift */; };
		E08B3CEA28BF722600140D22 /* ArticlesResponce.swift in Sources */ = {isa = PBXBuildFile; fileRef = E08B3CE928BF722600140D22 /* ArticlesResponce.swift */; };
		E08B3CEE28BF7CA800140D22 /* ArticleDeteilViewController.swift in Sources */ = {isa = PBXBuildFile; fileRef = E08B3CED28BF7CA800140D22 /* ArticleDeteilViewController.swift */; };
		E08B3CF028BF885300140D22 /* NSAttributedString + Extension.swift in Sources */ = {isa = PBXBuildFile; fileRef = E08B3CEF28BF885300140D22 /* NSAttributedString + Extension.swift */; };
		E0CCAE56E74A9C8AB951C365 /* Pods_QMotors.framework in Frameworks */ = {isa = PBXBuildFile; fileRef = 56FD0605EC1AF8C942E96CC2 /* Pods_QMotors.framework */; };
		E0DAD63228C5FECF00D09135 /* TechnicalRecordVC.swift in Sources */ = {isa = PBXBuildFile; fileRef = E0DAD63128C5FECF00D09135 /* TechnicalRecordVC.swift */; };
		E0DAD63628C5FF9100D09135 /* OrderRecordVC.swift in Sources */ = {isa = PBXBuildFile; fileRef = E0DAD63528C5FF9100D09135 /* OrderRecordVC.swift */; };
		E0DAD63C28C6054500D09135 /* ArticleAPI.swift in Sources */ = {isa = PBXBuildFile; fileRef = E0DAD63B28C6054500D09135 /* ArticleAPI.swift */; };
		E869A75928C0E33500B961F4 /* MaintenanceDetailCell.swift in Sources */ = {isa = PBXBuildFile; fileRef = E869A75828C0E33500B961F4 /* MaintenanceDetailCell.swift */; };
		E869A75F28C1026B00B961F4 /* HelpController.swift in Sources */ = {isa = PBXBuildFile; fileRef = E869A75E28C1026B00B961F4 /* HelpController.swift */; };
		E869A76128C107A100B961F4 /* HelpAPI.swift in Sources */ = {isa = PBXBuildFile; fileRef = E869A76028C107A100B961F4 /* HelpAPI.swift */; };
		E869A76328C1089900B961F4 /* HelpResponce.swift in Sources */ = {isa = PBXBuildFile; fileRef = E869A76228C1089900B961F4 /* HelpResponce.swift */; };
		E87D0A9628C7D0660085075F /* MaintenanceFooterCell.swift in Sources */ = {isa = PBXBuildFile; fileRef = E87D0A9528C7D0660085075F /* MaintenanceFooterCell.swift */; };
		E87D0A9828C7D9630085075F /* FreeDiagnosticResponce.swift in Sources */ = {isa = PBXBuildFile; fileRef = E87D0A9728C7D9630085075F /* FreeDiagnosticResponce.swift */; };
		E87D0A9A28C7DA020085075F /* FreeDiagnosticAPI.swift in Sources */ = {isa = PBXBuildFile; fileRef = E87D0A9928C7DA020085075F /* FreeDiagnosticAPI.swift */; };
		E8FE134D28C6930100401A7F /* MaintenanceHeaderView.swift in Sources */ = {isa = PBXBuildFile; fileRef = E8FE134C28C6930100401A7F /* MaintenanceHeaderView.swift */; };
		F34B850F28A01410006334FD /* UserAutos.swift in Sources */ = {isa = PBXBuildFile; fileRef = F34B850E28A01410006334FD /* UserAutos.swift */; };
		F371A61E289FBD8C0090472A /* MaintenanceVC.swift in Sources */ = {isa = PBXBuildFile; fileRef = F371A61D289FBD8C0090472A /* MaintenanceVC.swift */; };
		F371A620289FBDB40090472A /* MaintenanceTableViewCell.swift in Sources */ = {isa = PBXBuildFile; fileRef = F371A61F289FBDB40090472A /* MaintenanceTableViewCell.swift */; };
		F371A622289FBDCE0090472A /* MaintenanceOrderVC.swift in Sources */ = {isa = PBXBuildFile; fileRef = F371A621289FBDCE0090472A /* MaintenanceOrderVC.swift */; };
/* End PBXBuildFile section */

/* Begin PBXFileReference section */
		0408969B28C749F60065A93F /* ChatAPI.swift */ = {isa = PBXFileReference; lastKnownFileType = sourcecode.swift; path = ChatAPI.swift; sourceTree = "<group>"; };
		0408969D28C759C40065A93F /* MessagesResponse.swift */ = {isa = PBXFileReference; lastKnownFileType = sourcecode.swift; path = MessagesResponse.swift; sourceTree = "<group>"; };
		040CD5EC28CA2179002513BF /* UITableView + Extension.swift */ = {isa = PBXFileReference; lastKnownFileType = sourcecode.swift; path = "UITableView + Extension.swift"; sourceTree = "<group>"; };
		040D610D28C62CE400B772F4 /* QRCodeVC.swift */ = {isa = PBXFileReference; lastKnownFileType = sourcecode.swift; path = QRCodeVC.swift; sourceTree = "<group>"; };
		0479D20C28C8535F0003A912 /* MimeType + Extension.swift */ = {isa = PBXFileReference; lastKnownFileType = sourcecode.swift; path = "MimeType + Extension.swift"; sourceTree = "<group>"; };
		048E657228C0A87300A5A6DA /* ChatVC.swift */ = {isa = PBXFileReference; lastKnownFileType = sourcecode.swift; path = ChatVC.swift; sourceTree = "<group>"; };
		048E657428C0BB7E00A5A6DA /* ChatSupportTableViewCell.swift */ = {isa = PBXFileReference; lastKnownFileType = sourcecode.swift; path = ChatSupportTableViewCell.swift; sourceTree = "<group>"; };
		048E657828C0D11000A5A6DA /* ChatTableViewCell.swift */ = {isa = PBXFileReference; lastKnownFileType = sourcecode.swift; path = ChatTableViewCell.swift; sourceTree = "<group>"; };
		25EE654A6181C6218A5559D4 /* Pods-QMotors.debug.xcconfig */ = {isa = PBXFileReference; includeInIndex = 1; lastKnownFileType = text.xcconfig; name = "Pods-QMotors.debug.xcconfig"; path = "Target Support Files/Pods-QMotors/Pods-QMotors.debug.xcconfig"; sourceTree = "<group>"; };
		297813ADA6CD9EA7AE640A7E /* Pods-QMotors.release.xcconfig */ = {isa = PBXFileReference; includeInIndex = 1; lastKnownFileType = text.xcconfig; name = "Pods-QMotors.release.xcconfig"; path = "Target Support Files/Pods-QMotors/Pods-QMotors.release.xcconfig"; sourceTree = "<group>"; };
		4001C70B28C7246D004D25A9 /* StockVC.swift */ = {isa = PBXFileReference; lastKnownFileType = sourcecode.swift; path = StockVC.swift; sourceTree = "<group>"; };
		4001C70D28C725F7004D25A9 /* StockTableViewCell.swift */ = {isa = PBXFileReference; lastKnownFileType = sourcecode.swift; path = StockTableViewCell.swift; sourceTree = "<group>"; };
		4001C70F28C734A9004D25A9 /* StockResponce.swift */ = {isa = PBXFileReference; lastKnownFileType = sourcecode.swift; path = StockResponce.swift; sourceTree = "<group>"; };
		4001C71128C7355F004D25A9 /* StockAPI.swift */ = {isa = PBXFileReference; lastKnownFileType = sourcecode.swift; path = StockAPI.swift; sourceTree = "<group>"; };
		4001C71328C74A5D004D25A9 /* StockInfoVC.swift */ = {isa = PBXFileReference; lastKnownFileType = sourcecode.swift; path = StockInfoVC.swift; sourceTree = "<group>"; };
		4001C71528C752F2004D25A9 /* AddStockVC.swift */ = {isa = PBXFileReference; lastKnownFileType = sourcecode.swift; path = AddStockVC.swift; sourceTree = "<group>"; };
		4003922D28B5F1B1001E174B /* MyLastRemindersTableViewCell.swift */ = {isa = PBXFileReference; lastKnownFileType = sourcecode.swift; path = MyLastRemindersTableViewCell.swift; sourceTree = "<group>"; };
		4006221B28A273B000E55C04 /* Date+Extension.swift */ = {isa = PBXFileReference; lastKnownFileType = sourcecode.swift; path = "Date+Extension.swift"; sourceTree = "<group>"; };
		4006221F28A3CC2200E55C04 /* CarInfoNumberView.swift */ = {isa = PBXFileReference; lastKnownFileType = sourcecode.swift; path = CarInfoNumberView.swift; sourceTree = "<group>"; };
		4013070D28B2453D00A8F662 /* AddReminderVC.swift */ = {isa = PBXFileReference; lastKnownFileType = sourcecode.swift; path = AddReminderVC.swift; sourceTree = "<group>"; };
		4013070F28B2465600A8F662 /* NewReminder.swift */ = {isa = PBXFileReference; lastKnownFileType = sourcecode.swift; path = NewReminder.swift; sourceTree = "<group>"; };
		4013071328B3473C00A8F662 /* MyRemindersVC.swift */ = {isa = PBXFileReference; lastKnownFileType = sourcecode.swift; path = MyRemindersVC.swift; sourceTree = "<group>"; };
		4013071528B349B800A8F662 /* MyRamindersTableViewCell.swift */ = {isa = PBXFileReference; lastKnownFileType = sourcecode.swift; path = MyRamindersTableViewCell.swift; sourceTree = "<group>"; };
		4013071728B34EF300A8F662 /* ReminderResponce.swift */ = {isa = PBXFileReference; lastKnownFileType = sourcecode.swift; path = ReminderResponce.swift; sourceTree = "<group>"; };
		401C746328A1431600CA5DAD /* CarInfoVC.swift */ = {isa = PBXFileReference; lastKnownFileType = sourcecode.swift; path = CarInfoVC.swift; sourceTree = "<group>"; };
		4049212728A177AB00257750 /* CarResponse.swift */ = {isa = PBXFileReference; lastKnownFileType = sourcecode.swift; path = CarResponse.swift; sourceTree = "<group>"; };
		405CB81D28B5E51100881004 /* ReminderCellButton.swift */ = {isa = PBXFileReference; lastKnownFileType = sourcecode.swift; path = ReminderCellButton.swift; sourceTree = "<group>"; };
		405CB81F28B5E61200881004 /* ReminderCellEditButton.swift */ = {isa = PBXFileReference; lastKnownFileType = sourcecode.swift; path = ReminderCellEditButton.swift; sourceTree = "<group>"; };
		405E643B28AA772100A07FEC /* GenderSwitch.swift */ = {isa = PBXFileReference; lastKnownFileType = sourcecode.swift; path = GenderSwitch.swift; sourceTree = "<group>"; };
		406B188428BFE99F00112178 /* CreateFeedBackVC.swift */ = {isa = PBXFileReference; fileEncoding = 4; lastKnownFileType = sourcecode.swift; path = CreateFeedBackVC.swift; sourceTree = "<group>"; };
		406B188628BFE99F00112178 /* FeedBackViewController.swift */ = {isa = PBXFileReference; fileEncoding = 4; lastKnownFileType = sourcecode.swift; path = FeedBackViewController.swift; sourceTree = "<group>"; };
		406B188828BFE99F00112178 /* AllFeedBacksTableViewCell.swift */ = {isa = PBXFileReference; fileEncoding = 4; lastKnownFileType = sourcecode.swift; path = AllFeedBacksTableViewCell.swift; sourceTree = "<group>"; };
		406B188928BFE99F00112178 /* AllFeedBacksViewController.swift */ = {isa = PBXFileReference; fileEncoding = 4; lastKnownFileType = sourcecode.swift; path = AllFeedBacksViewController.swift; sourceTree = "<group>"; };
		406B188F28BFE9DA00112178 /* NotificationVC.swift */ = {isa = PBXFileReference; fileEncoding = 4; lastKnownFileType = sourcecode.swift; path = NotificationVC.swift; sourceTree = "<group>"; };
		406B189028BFE9DA00112178 /* NotificationTableViewCell.swift */ = {isa = PBXFileReference; fileEncoding = 4; lastKnownFileType = sourcecode.swift; path = NotificationTableViewCell.swift; sourceTree = "<group>"; };
		406B189428BFE9E300112178 /* BonusVC.swift */ = {isa = PBXFileReference; fileEncoding = 4; lastKnownFileType = sourcecode.swift; path = BonusVC.swift; sourceTree = "<group>"; };
		406B189528BFE9E300112178 /* MainBonusTableViewCell.swift */ = {isa = PBXFileReference; fileEncoding = 4; lastKnownFileType = sourcecode.swift; path = MainBonusTableViewCell.swift; sourceTree = "<group>"; };
		406B189628BFE9E300112178 /* BonusTableViewCell.swift */ = {isa = PBXFileReference; fileEncoding = 4; lastKnownFileType = sourcecode.swift; path = BonusTableViewCell.swift; sourceTree = "<group>"; };
		406B18B428BFEB9C00112178 /* LoginAPI.swift */ = {isa = PBXFileReference; fileEncoding = 4; lastKnownFileType = sourcecode.swift; path = LoginAPI.swift; sourceTree = "<group>"; };
		406B18B528BFEB9C00112178 /* BonusAPI.swift */ = {isa = PBXFileReference; fileEncoding = 4; lastKnownFileType = sourcecode.swift; path = BonusAPI.swift; sourceTree = "<group>"; };
		406B18B628BFEB9C00112178 /* RequestInterceptor.swift */ = {isa = PBXFileReference; fileEncoding = 4; lastKnownFileType = sourcecode.swift; path = RequestInterceptor.swift; sourceTree = "<group>"; };
		406B18B728BFEB9C00112178 /* OrderAPI.swift */ = {isa = PBXFileReference; fileEncoding = 4; lastKnownFileType = sourcecode.swift; path = OrderAPI.swift; sourceTree = "<group>"; };
		406B18B828BFEB9C00112178 /* NotificationAPI.swift */ = {isa = PBXFileReference; fileEncoding = 4; lastKnownFileType = sourcecode.swift; path = NotificationAPI.swift; sourceTree = "<group>"; };
		406B18B928BFEB9C00112178 /* TechCenterAPI.swift */ = {isa = PBXFileReference; fileEncoding = 4; lastKnownFileType = sourcecode.swift; path = TechCenterAPI.swift; sourceTree = "<group>"; };
		406B18BA28BFEB9C00112178 /* BaseAPI.swift */ = {isa = PBXFileReference; fileEncoding = 4; lastKnownFileType = sourcecode.swift; path = BaseAPI.swift; sourceTree = "<group>"; };
		406B18BB28BFEB9C00112178 /* ProfileAPI.swift */ = {isa = PBXFileReference; fileEncoding = 4; lastKnownFileType = sourcecode.swift; path = ProfileAPI.swift; sourceTree = "<group>"; };
		406B18BC28BFEB9C00112178 /* ReviewAPI.swift */ = {isa = PBXFileReference; fileEncoding = 4; lastKnownFileType = sourcecode.swift; path = ReviewAPI.swift; sourceTree = "<group>"; };
		406B18BD28BFEB9C00112178 /* CarAPI.swift */ = {isa = PBXFileReference; fileEncoding = 4; lastKnownFileType = sourcecode.swift; path = CarAPI.swift; sourceTree = "<group>"; };
		406B18BE28BFEB9C00112178 /* ReminderAPI.swift */ = {isa = PBXFileReference; fileEncoding = 4; lastKnownFileType = sourcecode.swift; path = ReminderAPI.swift; sourceTree = "<group>"; };
		406B18BF28BFEB9C00112178 /* NetworkError.swift */ = {isa = PBXFileReference; fileEncoding = 4; lastKnownFileType = sourcecode.swift; path = NetworkError.swift; sourceTree = "<group>"; };
		406B18CC28BFEBEE00112178 /* NotificationLocal.swift */ = {isa = PBXFileReference; fileEncoding = 4; lastKnownFileType = sourcecode.swift; path = NotificationLocal.swift; sourceTree = "<group>"; };
		406B18CD28BFEBEF00112178 /* ReviewResponce.swift */ = {isa = PBXFileReference; fileEncoding = 4; lastKnownFileType = sourcecode.swift; path = ReviewResponce.swift; sourceTree = "<group>"; };
		406B18CE28BFEBEF00112178 /* ListTechCentersResponce.swift */ = {isa = PBXFileReference; fileEncoding = 4; lastKnownFileType = sourcecode.swift; path = ListTechCentersResponce.swift; sourceTree = "<group>"; };
		406B18CF28BFEBEF00112178 /* BonusResponse.swift */ = {isa = PBXFileReference; fileEncoding = 4; lastKnownFileType = sourcecode.swift; path = BonusResponse.swift; sourceTree = "<group>"; };
		40BA091228A23B8B00990A72 /* DeleteButton.swift */ = {isa = PBXFileReference; lastKnownFileType = sourcecode.swift; path = DeleteButton.swift; sourceTree = "<group>"; };
		40C8EEA228BE821900DFD003 /* NotificationService.swift */ = {isa = PBXFileReference; lastKnownFileType = sourcecode.swift; path = NotificationService.swift; sourceTree = "<group>"; };
		40D9C27628AAB1BB005195B5 /* UIImage+Extension.swift */ = {isa = PBXFileReference; lastKnownFileType = sourcecode.swift; path = "UIImage+Extension.swift"; sourceTree = "<group>"; };
		56FD0605EC1AF8C942E96CC2 /* Pods_QMotors.framework */ = {isa = PBXFileReference; explicitFileType = wrapper.framework; includeInIndex = 0; path = Pods_QMotors.framework; sourceTree = BUILT_PRODUCTS_DIR; };
		7EA2EB5C28A5067900C70910 /* BirthdayPicker.swift */ = {isa = PBXFileReference; fileEncoding = 4; lastKnownFileType = sourcecode.swift; path = BirthdayPicker.swift; sourceTree = "<group>"; };
		7EA2EB5D28A5067900C70910 /* TitledTextField.swift */ = {isa = PBXFileReference; fileEncoding = 4; lastKnownFileType = sourcecode.swift; path = TitledTextField.swift; sourceTree = "<group>"; };
		7EA2EB5E28A5067900C70910 /* SwitchView.swift */ = {isa = PBXFileReference; fileEncoding = 4; lastKnownFileType = sourcecode.swift; path = SwitchView.swift; sourceTree = "<group>"; };
		8456BA6A28815AF200684AF5 /* PhoneCallView.swift */ = {isa = PBXFileReference; lastKnownFileType = sourcecode.swift; path = PhoneCallView.swift; sourceTree = "<group>"; };
		8456BA6D2881659E00684AF5 /* PhoneCallButton.swift */ = {isa = PBXFileReference; lastKnownFileType = sourcecode.swift; path = PhoneCallButton.swift; sourceTree = "<group>"; };
		8456BA6F2881786600684AF5 /* RequestCallButton.swift */ = {isa = PBXFileReference; lastKnownFileType = sourcecode.swift; path = RequestCallButton.swift; sourceTree = "<group>"; };
		848D9AAE28804C6A00C4BC3F /* RouteButton.swift */ = {isa = PBXFileReference; lastKnownFileType = sourcecode.swift; path = RouteButton.swift; sourceTree = "<group>"; };
		848D9AB0288054FF00C4BC3F /* SideMenuButton.swift */ = {isa = PBXFileReference; lastKnownFileType = sourcecode.swift; path = SideMenuButton.swift; sourceTree = "<group>"; };
		849836302886974800EF47D0 /* BackButton.swift */ = {isa = PBXFileReference; lastKnownFileType = sourcecode.swift; path = BackButton.swift; sourceTree = "<group>"; };
		849836362886EDBC00EF47D0 /* AuthResponse.swift */ = {isa = PBXFileReference; lastKnownFileType = sourcecode.swift; path = AuthResponse.swift; sourceTree = "<group>"; };
		8498364F28872B6A00EF47D0 /* SmsResponse.swift */ = {isa = PBXFileReference; lastKnownFileType = sourcecode.swift; path = SmsResponse.swift; sourceTree = "<group>"; };
		84A4AB682889C51700B657F1 /* CabinetVC.swift */ = {isa = PBXFileReference; lastKnownFileType = sourcecode.swift; path = CabinetVC.swift; sourceTree = "<group>"; };
		84A4AB6A2889CCB900B657F1 /* LogoutButton.swift */ = {isa = PBXFileReference; lastKnownFileType = sourcecode.swift; path = LogoutButton.swift; sourceTree = "<group>"; };
		84A4AB6C2889CFB800B657F1 /* PersonalAreaButton.swift */ = {isa = PBXFileReference; lastKnownFileType = sourcecode.swift; path = PersonalAreaButton.swift; sourceTree = "<group>"; };
		84A509A828A2540500B30D6E /* CabinetBackButton.swift */ = {isa = PBXFileReference; lastKnownFileType = sourcecode.swift; path = CabinetBackButton.swift; sourceTree = "<group>"; };
		84A509AE28A26E3200B30D6E /* ProfileVC.swift */ = {isa = PBXFileReference; lastKnownFileType = sourcecode.swift; path = ProfileVC.swift; sourceTree = "<group>"; };
		84AC3B95289AAE5300353231 /* String+Extension.swift */ = {isa = PBXFileReference; lastKnownFileType = sourcecode.swift; path = "String+Extension.swift"; sourceTree = "<group>"; };
		84AC3B97289B007900353231 /* TechnicalCenter.swift */ = {isa = PBXFileReference; lastKnownFileType = sourcecode.swift; path = TechnicalCenter.swift; sourceTree = "<group>"; };
		84ACAF282891848D0012508C /* CarVC.swift */ = {isa = PBXFileReference; fileEncoding = 4; lastKnownFileType = sourcecode.swift; path = CarVC.swift; sourceTree = "<group>"; };
		84ACAF2A289184B90012508C /* Constants.swift */ = {isa = PBXFileReference; fileEncoding = 4; lastKnownFileType = sourcecode.swift; path = Constants.swift; sourceTree = "<group>"; };
		84ACAF2C289184F70012508C /* CustomDropdown.swift */ = {isa = PBXFileReference; fileEncoding = 4; lastKnownFileType = sourcecode.swift; path = CustomDropdown.swift; sourceTree = "<group>"; };
		84ACAF2E289185060012508C /* CustomTextField.swift */ = {isa = PBXFileReference; fileEncoding = 4; lastKnownFileType = sourcecode.swift; path = CustomTextField.swift; sourceTree = "<group>"; };
		84ACAF2F289185060012508C /* CustomLabel.swift */ = {isa = PBXFileReference; fileEncoding = 4; lastKnownFileType = sourcecode.swift; path = CustomLabel.swift; sourceTree = "<group>"; };
		84ACAF322891857F0012508C /* UITextField+Extension.swift */ = {isa = PBXFileReference; fileEncoding = 4; lastKnownFileType = sourcecode.swift; path = "UITextField+Extension.swift"; sourceTree = "<group>"; };
		84ACAF332891857F0012508C /* UIViewController+Extension.swift */ = {isa = PBXFileReference; fileEncoding = 4; lastKnownFileType = sourcecode.swift; path = "UIViewController+Extension.swift"; sourceTree = "<group>"; };
		84ACAF4228927D970012508C /* CustomPhotoView.swift */ = {isa = PBXFileReference; fileEncoding = 4; lastKnownFileType = sourcecode.swift; path = CustomPhotoView.swift; sourceTree = "<group>"; };
		84ACAF4428927DEB0012508C /* CarModelResponse.swift */ = {isa = PBXFileReference; fileEncoding = 4; lastKnownFileType = sourcecode.swift; path = CarModelResponse.swift; sourceTree = "<group>"; };
		84ACAF4528927DEB0012508C /* CarMarkResponse.swift */ = {isa = PBXFileReference; fileEncoding = 4; lastKnownFileType = sourcecode.swift; path = CarMarkResponse.swift; sourceTree = "<group>"; };
		84ACAF49289285320012508C /* TechnicalCenterVC.swift */ = {isa = PBXFileReference; lastKnownFileType = sourcecode.swift; path = TechnicalCenterVC.swift; sourceTree = "<group>"; };
		84ACAF4B28929DE40012508C /* TechnicalCenterTableViewCell.swift */ = {isa = PBXFileReference; lastKnownFileType = sourcecode.swift; path = TechnicalCenterTableViewCell.swift; sourceTree = "<group>"; };
		84ACAF4D2892B1250012508C /* TechCellNaviButton.swift */ = {isa = PBXFileReference; lastKnownFileType = sourcecode.swift; path = TechCellNaviButton.swift; sourceTree = "<group>"; };
		84ACAF4F2892C6C70012508C /* TechCellSingUpButton.swift */ = {isa = PBXFileReference; lastKnownFileType = sourcecode.swift; path = TechCellSingUpButton.swift; sourceTree = "<group>"; };
		84AE272F288AA63E000870D4 /* UserDefaults.swift */ = {isa = PBXFileReference; lastKnownFileType = sourcecode.swift; path = UserDefaults.swift; sourceTree = "<group>"; };
		84AE2733288AB460000870D4 /* SideMenuTableViewCell.swift */ = {isa = PBXFileReference; lastKnownFileType = sourcecode.swift; path = SideMenuTableViewCell.swift; sourceTree = "<group>"; };
		84AE2736288AE772000870D4 /* MyCarsVC.swift */ = {isa = PBXFileReference; lastKnownFileType = sourcecode.swift; path = MyCarsVC.swift; sourceTree = "<group>"; };
		84AE2738288BD45E000870D4 /* SmallBackButton.swift */ = {isa = PBXFileReference; lastKnownFileType = sourcecode.swift; path = SmallBackButton.swift; sourceTree = "<group>"; };
		84AE273A288BEE75000870D4 /* UISegmentedControl+Extension.swift */ = {isa = PBXFileReference; lastKnownFileType = sourcecode.swift; path = "UISegmentedControl+Extension.swift"; sourceTree = "<group>"; };
		84AE273C288BF10E000870D4 /* MyCarsTableViewCell.swift */ = {isa = PBXFileReference; lastKnownFileType = sourcecode.swift; path = MyCarsTableViewCell.swift; sourceTree = "<group>"; };
		84AE273E288D2AFF000870D4 /* CarNumberView.swift */ = {isa = PBXFileReference; lastKnownFileType = sourcecode.swift; path = CarNumberView.swift; sourceTree = "<group>"; };
		84AE2741288D4792000870D4 /* Formatter+Separator.swift */ = {isa = PBXFileReference; lastKnownFileType = sourcecode.swift; path = "Formatter+Separator.swift"; sourceTree = "<group>"; };
		84AFF8282887DBD0009207BD /* CustomError.swift */ = {isa = PBXFileReference; lastKnownFileType = sourcecode.swift; path = CustomError.swift; sourceTree = "<group>"; };
		84B2411428AD84A0000A6396 /* MyCarOrder.swift */ = {isa = PBXFileReference; lastKnownFileType = sourcecode.swift; path = MyCarOrder.swift; sourceTree = "<group>"; };
		84D94F56288559D90023AA02 /* RegistrationVC.swift */ = {isa = PBXFileReference; lastKnownFileType = sourcecode.swift; path = RegistrationVC.swift; sourceTree = "<group>"; };
		84D94F5828855F0D0023AA02 /* MainVC.swift */ = {isa = PBXFileReference; lastKnownFileType = sourcecode.swift; path = MainVC.swift; sourceTree = "<group>"; };
		84D94F5A2885AD4A0023AA02 /* ActionButton.swift */ = {isa = PBXFileReference; lastKnownFileType = sourcecode.swift; path = ActionButton.swift; sourceTree = "<group>"; };
		84DDD26F287ED3A100272C19 /* QMotors.app */ = {isa = PBXFileReference; explicitFileType = wrapper.application; includeInIndex = 0; path = QMotors.app; sourceTree = BUILT_PRODUCTS_DIR; };
		84DDD272287ED3A100272C19 /* AppDelegate.swift */ = {isa = PBXFileReference; lastKnownFileType = sourcecode.swift; path = AppDelegate.swift; sourceTree = "<group>"; };
		84DDD274287ED3A100272C19 /* SceneDelegate.swift */ = {isa = PBXFileReference; lastKnownFileType = sourcecode.swift; path = SceneDelegate.swift; sourceTree = "<group>"; };
		84DDD279287ED3A100272C19 /* Base */ = {isa = PBXFileReference; lastKnownFileType = file.storyboard; name = Base; path = Base.lproj/Main.storyboard; sourceTree = "<group>"; };
		84DDD27B287ED3A200272C19 /* Assets.xcassets */ = {isa = PBXFileReference; lastKnownFileType = folder.assetcatalog; path = Assets.xcassets; sourceTree = "<group>"; };
		84DDD27E287ED3A200272C19 /* Base */ = {isa = PBXFileReference; lastKnownFileType = file.storyboard; name = Base; path = Base.lproj/LaunchScreen.storyboard; sourceTree = "<group>"; };
		84DDD280287ED3A200272C19 /* Info.plist */ = {isa = PBXFileReference; lastKnownFileType = text.plist.xml; path = Info.plist; sourceTree = "<group>"; };
		84DDD287287ED54600272C19 /* MainRouter.swift */ = {isa = PBXFileReference; lastKnownFileType = sourcecode.swift; path = MainRouter.swift; sourceTree = "<group>"; };
		84DDD289287ED56200272C19 /* AppCoordinator.swift */ = {isa = PBXFileReference; lastKnownFileType = sourcecode.swift; path = AppCoordinator.swift; sourceTree = "<group>"; };
		84DDD28E287EF04700272C19 /* BaseVC.swift */ = {isa = PBXFileReference; lastKnownFileType = sourcecode.swift; path = BaseVC.swift; sourceTree = "<group>"; };
		84DDD291287F0A2E00272C19 /* MainScreenButton.swift */ = {isa = PBXFileReference; lastKnownFileType = sourcecode.swift; path = MainScreenButton.swift; sourceTree = "<group>"; };
		84DDD295287F0AE700272C19 /* Montserrat-Italic.ttf */ = {isa = PBXFileReference; lastKnownFileType = file; path = "Montserrat-Italic.ttf"; sourceTree = "<group>"; };
		84DDD296287F0AE700272C19 /* Montserrat-BoldItalic.ttf */ = {isa = PBXFileReference; lastKnownFileType = file; path = "Montserrat-BoldItalic.ttf"; sourceTree = "<group>"; };
		84DDD297287F0AE700272C19 /* Montserrat-ExtraLightItalic.ttf */ = {isa = PBXFileReference; lastKnownFileType = file; path = "Montserrat-ExtraLightItalic.ttf"; sourceTree = "<group>"; };
		84DDD298287F0AE700272C19 /* Montserrat-Medium.ttf */ = {isa = PBXFileReference; lastKnownFileType = file; path = "Montserrat-Medium.ttf"; sourceTree = "<group>"; };
		84DDD299287F0AE700272C19 /* Montserrat-ThinItalic.ttf */ = {isa = PBXFileReference; lastKnownFileType = file; path = "Montserrat-ThinItalic.ttf"; sourceTree = "<group>"; };
		84DDD29A287F0AE700272C19 /* Montserrat-LightItalic.ttf */ = {isa = PBXFileReference; lastKnownFileType = file; path = "Montserrat-LightItalic.ttf"; sourceTree = "<group>"; };
		84DDD29B287F0AE700272C19 /* Montserrat-ExtraBold.ttf */ = {isa = PBXFileReference; lastKnownFileType = file; path = "Montserrat-ExtraBold.ttf"; sourceTree = "<group>"; };
		84DDD29C287F0AE800272C19 /* Montserrat-Bold.ttf */ = {isa = PBXFileReference; lastKnownFileType = file; path = "Montserrat-Bold.ttf"; sourceTree = "<group>"; };
		84DDD29D287F0AE800272C19 /* Montserrat-ExtraBoldItalic.ttf */ = {isa = PBXFileReference; lastKnownFileType = file; path = "Montserrat-ExtraBoldItalic.ttf"; sourceTree = "<group>"; };
		84DDD29E287F0AE800272C19 /* Montserrat-MediumItalic.ttf */ = {isa = PBXFileReference; lastKnownFileType = file; path = "Montserrat-MediumItalic.ttf"; sourceTree = "<group>"; };
		84DDD29F287F0AE800272C19 /* Montserrat-Regular.ttf */ = {isa = PBXFileReference; lastKnownFileType = file; path = "Montserrat-Regular.ttf"; sourceTree = "<group>"; };
		84DDD2A0287F0AE800272C19 /* Montserrat-Light.ttf */ = {isa = PBXFileReference; lastKnownFileType = file; path = "Montserrat-Light.ttf"; sourceTree = "<group>"; };
		84DDD2A1287F0AE800272C19 /* Montserrat-ExtraLight.ttf */ = {isa = PBXFileReference; lastKnownFileType = file; path = "Montserrat-ExtraLight.ttf"; sourceTree = "<group>"; };
		84DDD2A2287F0AE800272C19 /* Montserrat-BlackItalic.ttf */ = {isa = PBXFileReference; lastKnownFileType = file; path = "Montserrat-BlackItalic.ttf"; sourceTree = "<group>"; };
		84DDD2A3287F0AE800272C19 /* Montserrat-SemiBold.ttf */ = {isa = PBXFileReference; lastKnownFileType = file; path = "Montserrat-SemiBold.ttf"; sourceTree = "<group>"; };
		84DDD2A4287F0AE800272C19 /* Montserrat-SemiBoldItalic.ttf */ = {isa = PBXFileReference; lastKnownFileType = file; path = "Montserrat-SemiBoldItalic.ttf"; sourceTree = "<group>"; };
		84DDD2A5287F0AE800272C19 /* Montserrat-Thin.ttf */ = {isa = PBXFileReference; lastKnownFileType = file; path = "Montserrat-Thin.ttf"; sourceTree = "<group>"; };
		84DDD2A6287F0AE800272C19 /* Montserrat-Black.ttf */ = {isa = PBXFileReference; lastKnownFileType = file; path = "Montserrat-Black.ttf"; sourceTree = "<group>"; };
		84DDD2BA287F12FC00272C19 /* UIColor+Extension.swift */ = {isa = PBXFileReference; lastKnownFileType = sourcecode.swift; path = "UIColor+Extension.swift"; sourceTree = "<group>"; };
		84DDD2BD287F393300272C19 /* SideMenuVC.swift */ = {isa = PBXFileReference; lastKnownFileType = sourcecode.swift; path = SideMenuVC.swift; sourceTree = "<group>"; };
		88038F4828A905A5009A0A59 /* CarInfoCollectionViewCell.swift */ = {isa = PBXFileReference; lastKnownFileType = sourcecode.swift; path = CarInfoCollectionViewCell.swift; sourceTree = "<group>"; };
		E02E316928A2BCA30067CEAB /* OrderTypeResponce.swift */ = {isa = PBXFileReference; lastKnownFileType = sourcecode.swift; path = OrderTypeResponce.swift; sourceTree = "<group>"; };
		E02E316B28A2BFAD0067CEAB /* NewOrder.swift */ = {isa = PBXFileReference; lastKnownFileType = sourcecode.swift; path = NewOrder.swift; sourceTree = "<group>"; };
		E02E316E28A3C9790067CEAB /* HistoryCarsVC.swift */ = {isa = PBXFileReference; lastKnownFileType = sourcecode.swift; path = HistoryCarsVC.swift; sourceTree = "<group>"; };
		E02E317028A3CB990067CEAB /* HistoryCarTableViewCell.swift */ = {isa = PBXFileReference; lastKnownFileType = sourcecode.swift; path = HistoryCarTableViewCell.swift; sourceTree = "<group>"; };
		E02E317828A414710067CEAB /* OrdersForCarVC.swift */ = {isa = PBXFileReference; lastKnownFileType = sourcecode.swift; path = OrdersForCarVC.swift; sourceTree = "<group>"; };
		E02E317A28A514530067CEAB /* OrderForCarTableViewCell.swift */ = {isa = PBXFileReference; lastKnownFileType = sourcecode.swift; path = OrderForCarTableViewCell.swift; sourceTree = "<group>"; };
		E02E317D28A51AC90067CEAB /* DeteilOrderForCarVC.swift */ = {isa = PBXFileReference; lastKnownFileType = sourcecode.swift; path = DeteilOrderForCarVC.swift; sourceTree = "<group>"; };
		E02E317F28A51C990067CEAB /* DeteilOrderForCarTableViewCell.swift */ = {isa = PBXFileReference; lastKnownFileType = sourcecode.swift; path = DeteilOrderForCarTableViewCell.swift; sourceTree = "<group>"; };
		E02E318128A522BD0067CEAB /* CarOrderResponce.swift */ = {isa = PBXFileReference; lastKnownFileType = sourcecode.swift; path = CarOrderResponce.swift; sourceTree = "<group>"; };
		E08B3CE528BF690A00140D22 /* ArticlesViewController.swift */ = {isa = PBXFileReference; lastKnownFileType = sourcecode.swift; path = ArticlesViewController.swift; sourceTree = "<group>"; };
		E08B3CE728BF692B00140D22 /* ArticlesTableViewCell.swift */ = {isa = PBXFileReference; lastKnownFileType = sourcecode.swift; path = ArticlesTableViewCell.swift; sourceTree = "<group>"; };
		E08B3CE928BF722600140D22 /* ArticlesResponce.swift */ = {isa = PBXFileReference; lastKnownFileType = sourcecode.swift; path = ArticlesResponce.swift; sourceTree = "<group>"; };
		E08B3CED28BF7CA800140D22 /* ArticleDeteilViewController.swift */ = {isa = PBXFileReference; lastKnownFileType = sourcecode.swift; path = ArticleDeteilViewController.swift; sourceTree = "<group>"; };
		E08B3CEF28BF885300140D22 /* NSAttributedString + Extension.swift */ = {isa = PBXFileReference; lastKnownFileType = sourcecode.swift; path = "NSAttributedString + Extension.swift"; sourceTree = "<group>"; };
		E0DAD63128C5FECF00D09135 /* TechnicalRecordVC.swift */ = {isa = PBXFileReference; fileEncoding = 4; lastKnownFileType = sourcecode.swift; path = TechnicalRecordVC.swift; sourceTree = "<group>"; };
		E0DAD63528C5FF9100D09135 /* OrderRecordVC.swift */ = {isa = PBXFileReference; fileEncoding = 4; lastKnownFileType = sourcecode.swift; path = OrderRecordVC.swift; sourceTree = "<group>"; };
		E0DAD63B28C6054500D09135 /* ArticleAPI.swift */ = {isa = PBXFileReference; lastKnownFileType = sourcecode.swift; path = ArticleAPI.swift; sourceTree = "<group>"; };
		E869A75828C0E33500B961F4 /* MaintenanceDetailCell.swift */ = {isa = PBXFileReference; lastKnownFileType = sourcecode.swift; path = MaintenanceDetailCell.swift; sourceTree = "<group>"; };
		E869A75E28C1026B00B961F4 /* HelpController.swift */ = {isa = PBXFileReference; lastKnownFileType = sourcecode.swift; path = HelpController.swift; sourceTree = "<group>"; };
		E869A76028C107A100B961F4 /* HelpAPI.swift */ = {isa = PBXFileReference; lastKnownFileType = sourcecode.swift; path = HelpAPI.swift; sourceTree = "<group>"; };
		E869A76228C1089900B961F4 /* HelpResponce.swift */ = {isa = PBXFileReference; lastKnownFileType = sourcecode.swift; path = HelpResponce.swift; sourceTree = "<group>"; };
		E87D0A9528C7D0660085075F /* MaintenanceFooterCell.swift */ = {isa = PBXFileReference; lastKnownFileType = sourcecode.swift; path = MaintenanceFooterCell.swift; sourceTree = "<group>"; };
		E87D0A9728C7D9630085075F /* FreeDiagnosticResponce.swift */ = {isa = PBXFileReference; lastKnownFileType = sourcecode.swift; path = FreeDiagnosticResponce.swift; sourceTree = "<group>"; };
		E87D0A9928C7DA020085075F /* FreeDiagnosticAPI.swift */ = {isa = PBXFileReference; lastKnownFileType = sourcecode.swift; path = FreeDiagnosticAPI.swift; sourceTree = "<group>"; };
		E8FE134C28C6930100401A7F /* MaintenanceHeaderView.swift */ = {isa = PBXFileReference; lastKnownFileType = sourcecode.swift; path = MaintenanceHeaderView.swift; sourceTree = "<group>"; };
		F34B850E28A01410006334FD /* UserAutos.swift */ = {isa = PBXFileReference; lastKnownFileType = sourcecode.swift; path = UserAutos.swift; sourceTree = "<group>"; };
		F371A61D289FBD8C0090472A /* MaintenanceVC.swift */ = {isa = PBXFileReference; lastKnownFileType = sourcecode.swift; path = MaintenanceVC.swift; sourceTree = "<group>"; };
		F371A61F289FBDB40090472A /* MaintenanceTableViewCell.swift */ = {isa = PBXFileReference; lastKnownFileType = sourcecode.swift; path = MaintenanceTableViewCell.swift; sourceTree = "<group>"; };
		F371A621289FBDCE0090472A /* MaintenanceOrderVC.swift */ = {isa = PBXFileReference; lastKnownFileType = sourcecode.swift; path = MaintenanceOrderVC.swift; sourceTree = "<group>"; };
/* End PBXFileReference section */

/* Begin PBXFrameworksBuildPhase section */
		84DDD26C287ED3A100272C19 /* Frameworks */ = {
			isa = PBXFrameworksBuildPhase;
			buildActionMask = 2147483647;
			files = (
				E0CCAE56E74A9C8AB951C365 /* Pods_QMotors.framework in Frameworks */,
			);
			runOnlyForDeploymentPostprocessing = 0;
		};
/* End PBXFrameworksBuildPhase section */

/* Begin PBXGroup section */
		040D610C28C62CC000B772F4 /* QRCode */ = {
			isa = PBXGroup;
			children = (
				040D610D28C62CE400B772F4 /* QRCodeVC.swift */,
			);
			path = QRCode;
			sourceTree = "<group>";
		};
		048E657128C0A85700A5A6DA /* Chat */ = {
			isa = PBXGroup;
			children = (
				048E657228C0A87300A5A6DA /* ChatVC.swift */,
				048E657428C0BB7E00A5A6DA /* ChatSupportTableViewCell.swift */,
				048E657828C0D11000A5A6DA /* ChatTableViewCell.swift */,
			);
			path = Chat;
			sourceTree = "<group>";
		};
		24D20F9C877B5AE98B9D36AB /* Frameworks */ = {
			isa = PBXGroup;
			children = (
				56FD0605EC1AF8C942E96CC2 /* Pods_QMotors.framework */,
			);
			name = Frameworks;
			sourceTree = "<group>";
		};
		4001C70A28C7242C004D25A9 /* Stock */ = {
			isa = PBXGroup;
			children = (
				4001C70B28C7246D004D25A9 /* StockVC.swift */,
				4001C70D28C725F7004D25A9 /* StockTableViewCell.swift */,
				4001C71328C74A5D004D25A9 /* StockInfoVC.swift */,
				4001C71528C752F2004D25A9 /* AddStockVC.swift */,
			);
			path = Stock;
			sourceTree = "<group>";
		};
		4013070A28B244FD00A8F662 /* Reminder */ = {
			isa = PBXGroup;
			children = (
				4013070D28B2453D00A8F662 /* AddReminderVC.swift */,
				4013071328B3473C00A8F662 /* MyRemindersVC.swift */,
				4013071528B349B800A8F662 /* MyRamindersTableViewCell.swift */,
				4003922D28B5F1B1001E174B /* MyLastRemindersTableViewCell.swift */,
			);
			path = Reminder;
			sourceTree = "<group>";
		};
		406B188228BFE99F00112178 /* FeedBack */ = {
			isa = PBXGroup;
			children = (
				406B188328BFE99F00112178 /* CreateFeedBackVC */,
				406B188528BFE99F00112178 /* FeedBackVC */,
				406B188728BFE99F00112178 /* AllFeedBackVC */,
			);
			path = FeedBack;
			sourceTree = "<group>";
		};
		406B188328BFE99F00112178 /* CreateFeedBackVC */ = {
			isa = PBXGroup;
			children = (
				406B188428BFE99F00112178 /* CreateFeedBackVC.swift */,
			);
			path = CreateFeedBackVC;
			sourceTree = "<group>";
		};
		406B188528BFE99F00112178 /* FeedBackVC */ = {
			isa = PBXGroup;
			children = (
				406B188628BFE99F00112178 /* FeedBackViewController.swift */,
			);
			path = FeedBackVC;
			sourceTree = "<group>";
		};
		406B188728BFE99F00112178 /* AllFeedBackVC */ = {
			isa = PBXGroup;
			children = (
				406B188828BFE99F00112178 /* AllFeedBacksTableViewCell.swift */,
				406B188928BFE99F00112178 /* AllFeedBacksViewController.swift */,
			);
			path = AllFeedBackVC;
			sourceTree = "<group>";
		};
		406B188E28BFE9DA00112178 /* Notification */ = {
			isa = PBXGroup;
			children = (
				406B188F28BFE9DA00112178 /* NotificationVC.swift */,
				406B189028BFE9DA00112178 /* NotificationTableViewCell.swift */,
			);
			path = Notification;
			sourceTree = "<group>";
		};
		406B189328BFE9E300112178 /* Bonus */ = {
			isa = PBXGroup;
			children = (
				406B189428BFE9E300112178 /* BonusVC.swift */,
				406B189528BFE9E300112178 /* MainBonusTableViewCell.swift */,
				406B189628BFE9E300112178 /* BonusTableViewCell.swift */,
			);
			path = Bonus;
			sourceTree = "<group>";
		};
		406B18B328BFEB9C00112178 /* Networking */ = {
			isa = PBXGroup;
			children = (
				406B18B428BFEB9C00112178 /* LoginAPI.swift */,
				406B18B528BFEB9C00112178 /* BonusAPI.swift */,
				406B18B628BFEB9C00112178 /* RequestInterceptor.swift */,
				406B18B728BFEB9C00112178 /* OrderAPI.swift */,
				406B18B828BFEB9C00112178 /* NotificationAPI.swift */,
				406B18B928BFEB9C00112178 /* TechCenterAPI.swift */,
				406B18BA28BFEB9C00112178 /* BaseAPI.swift */,
				406B18BB28BFEB9C00112178 /* ProfileAPI.swift */,
				406B18BC28BFEB9C00112178 /* ReviewAPI.swift */,
				406B18BD28BFEB9C00112178 /* CarAPI.swift */,
				406B18BE28BFEB9C00112178 /* ReminderAPI.swift */,
				406B18BF28BFEB9C00112178 /* NetworkError.swift */,
				E869A76028C107A100B961F4 /* HelpAPI.swift */,
				E0DAD63B28C6054500D09135 /* ArticleAPI.swift */,
				0408969B28C749F60065A93F /* ChatAPI.swift */,
				E87D0A9928C7DA020085075F /* FreeDiagnosticAPI.swift */,
				4001C71128C7355F004D25A9 /* StockAPI.swift */,
			);
			path = Networking;
			sourceTree = "<group>";
		};
		7EA2EB5B28A5067900C70910 /* Components */ = {
			isa = PBXGroup;
			children = (
				7EA2EB5C28A5067900C70910 /* BirthdayPicker.swift */,
				7EA2EB5D28A5067900C70910 /* TitledTextField.swift */,
				7EA2EB5E28A5067900C70910 /* SwitchView.swift */,
				405E643B28AA772100A07FEC /* GenderSwitch.swift */,
			);
			path = Components;
			sourceTree = "<group>";
		};
		8456BA6C2881652B00684AF5 /* PhoneCall */ = {
			isa = PBXGroup;
			children = (
				8456BA6A28815AF200684AF5 /* PhoneCallView.swift */,
				8456BA6D2881659E00684AF5 /* PhoneCallButton.swift */,
				8456BA6F2881786600684AF5 /* RequestCallButton.swift */,
			);
			path = PhoneCall;
			sourceTree = "<group>";
		};
		849836322886DEC500EF47D0 /* API */ = {
			isa = PBXGroup;
			children = (
				406B18B328BFEB9C00112178 /* Networking */,
				849836352886E8AD00EF47D0 /* Models */,
			);
			path = API;
			sourceTree = "<group>";
		};
		849836352886E8AD00EF47D0 /* Models */ = {
			isa = PBXGroup;
			children = (
				406B18CF28BFEBEF00112178 /* BonusResponse.swift */,
				406B18CE28BFEBEF00112178 /* ListTechCentersResponce.swift */,
				406B18CC28BFEBEE00112178 /* NotificationLocal.swift */,
				406B18CD28BFEBEF00112178 /* ReviewResponce.swift */,
				849836362886EDBC00EF47D0 /* AuthResponse.swift */,
				84ACAF4528927DEB0012508C /* CarMarkResponse.swift */,
				84ACAF4428927DEB0012508C /* CarModelResponse.swift */,
				8498364F28872B6A00EF47D0 /* SmsResponse.swift */,
				84AFF8282887DBD0009207BD /* CustomError.swift */,
				84AC3B97289B007900353231 /* TechnicalCenter.swift */,
				F34B850E28A01410006334FD /* UserAutos.swift */,
				4049212728A177AB00257750 /* CarResponse.swift */,
				E02E316928A2BCA30067CEAB /* OrderTypeResponce.swift */,
				E02E316B28A2BFAD0067CEAB /* NewOrder.swift */,
				84B2411428AD84A0000A6396 /* MyCarOrder.swift */,
				E02E318128A522BD0067CEAB /* CarOrderResponce.swift */,
				4013070F28B2465600A8F662 /* NewReminder.swift */,
				4013071728B34EF300A8F662 /* ReminderResponce.swift */,
				E869A76228C1089900B961F4 /* HelpResponce.swift */,
				E08B3CE928BF722600140D22 /* ArticlesResponce.swift */,
				0408969D28C759C40065A93F /* MessagesResponse.swift */,
				E87D0A9728C7D9630085075F /* FreeDiagnosticResponce.swift */,
				4001C70F28C734A9004D25A9 /* StockResponce.swift */,
			);
			path = Models;
			sourceTree = "<group>";
		};
		84A509AD28A26DEC00B30D6E /* Profile */ = {
			isa = PBXGroup;
			children = (
				7EA2EB5B28A5067900C70910 /* Components */,
				84A509AE28A26E3200B30D6E /* ProfileVC.swift */,
			);
			path = Profile;
			sourceTree = "<group>";
		};
		84ACAF48289284EE0012508C /* TechnicalCenter */ = {
			isa = PBXGroup;
			children = (
				84ACAF49289285320012508C /* TechnicalCenterVC.swift */,
				84ACAF4B28929DE40012508C /* TechnicalCenterTableViewCell.swift */,
			);
			path = TechnicalCenter;
			sourceTree = "<group>";
		};
		84AE272E288AA62E000870D4 /* Utils */ = {
			isa = PBXGroup;
			children = (
				84AE272F288AA63E000870D4 /* UserDefaults.swift */,
				84ACAF2A289184B90012508C /* Constants.swift */,
				40C8EEA228BE821900DFD003 /* NotificationService.swift */,
			);
			path = Utils;
			sourceTree = "<group>";
		};
		84AE2735288AE720000870D4 /* CabinetMenu */ = {
			isa = PBXGroup;
			children = (
				84A509AD28A26DEC00B30D6E /* Profile */,
				84ACAF282891848D0012508C /* CarVC.swift */,
				88038F4628A9050C009A0A59 /* MyCars */,
				88038F4728A90532009A0A59 /* MyCarsDetail */,
			);
			path = CabinetMenu;
			sourceTree = "<group>";
		};
		84AE2740288D476F000870D4 /* Formatter */ = {
			isa = PBXGroup;
			children = (
				84AE2741288D4792000870D4 /* Formatter+Separator.swift */,
			);
			path = Formatter;
			sourceTree = "<group>";
		};
		84D94F55288557600023AA02 /* Authentication */ = {
			isa = PBXGroup;
			children = (
				84D94F56288559D90023AA02 /* RegistrationVC.swift */,
			);
			path = Authentication;
			sourceTree = "<group>";
		};
		84DDD266287ED3A000272C19 = {
			isa = PBXGroup;
			children = (
				84DDD271287ED3A100272C19 /* QMotors */,
				84DDD270287ED3A100272C19 /* Products */,
				C02F9647BA4FDAE91C78CA2A /* Pods */,
				24D20F9C877B5AE98B9D36AB /* Frameworks */,
				E0DAD62E28C5FE7100D09135 /* Recovered References */,
			);
			sourceTree = "<group>";
		};
		84DDD270287ED3A100272C19 /* Products */ = {
			isa = PBXGroup;
			children = (
				84DDD26F287ED3A100272C19 /* QMotors.app */,
			);
			name = Products;
			sourceTree = "<group>";
		};
		84DDD271287ED3A100272C19 /* QMotors */ = {
			isa = PBXGroup;
			children = (
				84AE272E288AA62E000870D4 /* Utils */,
				849836322886DEC500EF47D0 /* API */,
				84DDD2B9287F12DA00272C19 /* Extensions */,
				84DDD293287F0ABC00272C19 /* Fonts */,
				84DDD290287F093B00272C19 /* Components */,
				84DDD286287ED50300272C19 /* Base */,
				84DDD28B287ED57B00272C19 /* ViewControllers */,
				84DDD27B287ED3A200272C19 /* Assets.xcassets */,
				84DDD278287ED3A100272C19 /* Main.storyboard */,
				84DDD27D287ED3A200272C19 /* LaunchScreen.storyboard */,
				84DDD280287ED3A200272C19 /* Info.plist */,
			);
			path = QMotors;
			sourceTree = "<group>";
		};
		84DDD286287ED50300272C19 /* Base */ = {
			isa = PBXGroup;
			children = (
				84DDD272287ED3A100272C19 /* AppDelegate.swift */,
				84DDD274287ED3A100272C19 /* SceneDelegate.swift */,
				84DDD289287ED56200272C19 /* AppCoordinator.swift */,
				84DDD287287ED54600272C19 /* MainRouter.swift */,
			);
			path = Base;
			sourceTree = "<group>";
		};
		84DDD28B287ED57B00272C19 /* ViewControllers */ = {
			isa = PBXGroup;
			children = (
				4001C70A28C7242C004D25A9 /* Stock */,
				E8D8D22F28C1E6BC00791750 /* OrderRecord */,
				E869A75D28C1021300B961F4 /* Help */,
				040D610C28C62CC000B772F4 /* QRCode */,
				406B189328BFE9E300112178 /* Bonus */,
				406B188E28BFE9DA00112178 /* Notification */,
				406B188228BFE99F00112178 /* FeedBack */,
				E08B3CE328BF68CB00140D22 /* Articles */,
				4013070A28B244FD00A8F662 /* Reminder */,
				E02E316D28A3C9160067CEAB /* HistoryOrders */,
				048E657128C0A85700A5A6DA /* Chat */,
				F371A61C289FBD810090472A /* Maintenance */,
				84ACAF48289284EE0012508C /* TechnicalCenter */,
				84D94F55288557600023AA02 /* Authentication */,
				84DDD2BC287F390200272C19 /* SideLeftMenu */,
				84DDD28E287EF04700272C19 /* BaseVC.swift */,
				84D94F5828855F0D0023AA02 /* MainVC.swift */,
				84A4AB682889C51700B657F1 /* CabinetVC.swift */,
				84AE2735288AE720000870D4 /* CabinetMenu */,
				401C746328A1431600CA5DAD /* CarInfoVC.swift */,
			);
			path = ViewControllers;
			sourceTree = "<group>";
		};
		84DDD290287F093B00272C19 /* Components */ = {
			isa = PBXGroup;
			children = (
				84DDD291287F0A2E00272C19 /* MainScreenButton.swift */,
				848D9AAE28804C6A00C4BC3F /* RouteButton.swift */,
				848D9AB0288054FF00C4BC3F /* SideMenuButton.swift */,
				84D94F5A2885AD4A0023AA02 /* ActionButton.swift */,
				40BA091228A23B8B00990A72 /* DeleteButton.swift */,
				849836302886974800EF47D0 /* BackButton.swift */,
				84A509A828A2540500B30D6E /* CabinetBackButton.swift */,
				84ACAF2C289184F70012508C /* CustomDropdown.swift */,
				84ACAF2F289185060012508C /* CustomLabel.swift */,
				84ACAF2E289185060012508C /* CustomTextField.swift */,
				84AE2738288BD45E000870D4 /* SmallBackButton.swift */,
				84A4AB6A2889CCB900B657F1 /* LogoutButton.swift */,
				84A4AB6C2889CFB800B657F1 /* PersonalAreaButton.swift */,
				84AE273E288D2AFF000870D4 /* CarNumberView.swift */,
				4006221F28A3CC2200E55C04 /* CarInfoNumberView.swift */,
				84ACAF4228927D970012508C /* CustomPhotoView.swift */,
				84ACAF4D2892B1250012508C /* TechCellNaviButton.swift */,
				84ACAF4F2892C6C70012508C /* TechCellSingUpButton.swift */,
				405CB81D28B5E51100881004 /* ReminderCellButton.swift */,
				405CB81F28B5E61200881004 /* ReminderCellEditButton.swift */,
				8456BA6C2881652B00684AF5 /* PhoneCall */,
			);
			path = Components;
			sourceTree = "<group>";
		};
		84DDD293287F0ABC00272C19 /* Fonts */ = {
			isa = PBXGroup;
			children = (
				84DDD294287F0AC800272C19 /* Montserrat */,
			);
			path = Fonts;
			sourceTree = "<group>";
		};
		84DDD294287F0AC800272C19 /* Montserrat */ = {
			isa = PBXGroup;
			children = (
				84DDD2A6287F0AE800272C19 /* Montserrat-Black.ttf */,
				84DDD2A2287F0AE800272C19 /* Montserrat-BlackItalic.ttf */,
				84DDD29C287F0AE800272C19 /* Montserrat-Bold.ttf */,
				84DDD296287F0AE700272C19 /* Montserrat-BoldItalic.ttf */,
				84DDD29B287F0AE700272C19 /* Montserrat-ExtraBold.ttf */,
				84DDD29D287F0AE800272C19 /* Montserrat-ExtraBoldItalic.ttf */,
				84DDD2A1287F0AE800272C19 /* Montserrat-ExtraLight.ttf */,
				84DDD297287F0AE700272C19 /* Montserrat-ExtraLightItalic.ttf */,
				84DDD295287F0AE700272C19 /* Montserrat-Italic.ttf */,
				84DDD2A0287F0AE800272C19 /* Montserrat-Light.ttf */,
				84DDD29A287F0AE700272C19 /* Montserrat-LightItalic.ttf */,
				84DDD298287F0AE700272C19 /* Montserrat-Medium.ttf */,
				84DDD29E287F0AE800272C19 /* Montserrat-MediumItalic.ttf */,
				84DDD29F287F0AE800272C19 /* Montserrat-Regular.ttf */,
				84DDD2A3287F0AE800272C19 /* Montserrat-SemiBold.ttf */,
				84DDD2A4287F0AE800272C19 /* Montserrat-SemiBoldItalic.ttf */,
				84DDD2A5287F0AE800272C19 /* Montserrat-Thin.ttf */,
				84DDD299287F0AE700272C19 /* Montserrat-ThinItalic.ttf */,
			);
			path = Montserrat;
			sourceTree = "<group>";
		};
		84DDD2B9287F12DA00272C19 /* Extensions */ = {
			isa = PBXGroup;
			children = (
				84AE2740288D476F000870D4 /* Formatter */,
				84DDD2BA287F12FC00272C19 /* UIColor+Extension.swift */,
				84AE273A288BEE75000870D4 /* UISegmentedControl+Extension.swift */,
				84ACAF322891857F0012508C /* UITextField+Extension.swift */,
				84ACAF332891857F0012508C /* UIViewController+Extension.swift */,
				84AC3B95289AAE5300353231 /* String+Extension.swift */,
				4006221B28A273B000E55C04 /* Date+Extension.swift */,
				40D9C27628AAB1BB005195B5 /* UIImage+Extension.swift */,
				E08B3CEF28BF885300140D22 /* NSAttributedString + Extension.swift */,
				0479D20C28C8535F0003A912 /* MimeType + Extension.swift */,
				040CD5EC28CA2179002513BF /* UITableView + Extension.swift */,
			);
			path = Extensions;
			sourceTree = "<group>";
		};
		84DDD2BC287F390200272C19 /* SideLeftMenu */ = {
			isa = PBXGroup;
			children = (
				84DDD2BD287F393300272C19 /* SideMenuVC.swift */,
				84AE2733288AB460000870D4 /* SideMenuTableViewCell.swift */,
			);
			path = SideLeftMenu;
			sourceTree = "<group>";
		};
		88038F4628A9050C009A0A59 /* MyCars */ = {
			isa = PBXGroup;
			children = (
				84AE2736288AE772000870D4 /* MyCarsVC.swift */,
				84AE273C288BF10E000870D4 /* MyCarsTableViewCell.swift */,
			);
			path = MyCars;
			sourceTree = "<group>";
		};
		88038F4728A90532009A0A59 /* MyCarsDetail */ = {
			isa = PBXGroup;
			children = (
				88038F4828A905A5009A0A59 /* CarInfoCollectionViewCell.swift */,
			);
			path = MyCarsDetail;
			sourceTree = "<group>";
		};
		C02F9647BA4FDAE91C78CA2A /* Pods */ = {
			isa = PBXGroup;
			children = (
				25EE654A6181C6218A5559D4 /* Pods-QMotors.debug.xcconfig */,
				297813ADA6CD9EA7AE640A7E /* Pods-QMotors.release.xcconfig */,
			);
			path = Pods;
			sourceTree = "<group>";
		};
		E02E316D28A3C9160067CEAB /* HistoryOrders */ = {
			isa = PBXGroup;
			children = (
				E02E317C28A51AAD0067CEAB /* DeteilOrderForCar */,
				E02E317728A4145A0067CEAB /* OrdersForCar */,
				E02E316E28A3C9790067CEAB /* HistoryCarsVC.swift */,
				E02E317028A3CB990067CEAB /* HistoryCarTableViewCell.swift */,
			);
			path = HistoryOrders;
			sourceTree = "<group>";
		};
		E02E317728A4145A0067CEAB /* OrdersForCar */ = {
			isa = PBXGroup;
			children = (
				E02E317828A414710067CEAB /* OrdersForCarVC.swift */,
				E02E317A28A514530067CEAB /* OrderForCarTableViewCell.swift */,
			);
			path = OrdersForCar;
			sourceTree = "<group>";
		};
		E02E317C28A51AAD0067CEAB /* DeteilOrderForCar */ = {
			isa = PBXGroup;
			children = (
				E02E317D28A51AC90067CEAB /* DeteilOrderForCarVC.swift */,
				E02E317F28A51C990067CEAB /* DeteilOrderForCarTableViewCell.swift */,
			);
			path = DeteilOrderForCar;
			sourceTree = "<group>";
		};
		E08B3CE328BF68CB00140D22 /* Articles */ = {
			isa = PBXGroup;
			children = (
				E08B3CE428BF68ED00140D22 /* ArticleDeteil */,
				E08B3CE528BF690A00140D22 /* ArticlesViewController.swift */,
				E08B3CE728BF692B00140D22 /* ArticlesTableViewCell.swift */,
			);
			path = Articles;
			sourceTree = "<group>";
		};
		E08B3CE428BF68ED00140D22 /* ArticleDeteil */ = {
			isa = PBXGroup;
			children = (
				E08B3CED28BF7CA800140D22 /* ArticleDeteilViewController.swift */,
			);
			path = ArticleDeteil;
			sourceTree = "<group>";
		};
		E0DAD62E28C5FE7100D09135 /* Recovered References */ = {
			isa = PBXGroup;
			children = (
			);
			name = "Recovered References";
			sourceTree = "<group>";
		};
		E869A75D28C1021300B961F4 /* Help */ = {
			isa = PBXGroup;
			children = (
				E869A75E28C1026B00B961F4 /* HelpController.swift */,
			);
			path = Help;
			sourceTree = "<group>";
		};
		E87D0A9428C7D0260085075F /* MaintenanceCells */ = {
			isa = PBXGroup;
			children = (
				E869A75828C0E33500B961F4 /* MaintenanceDetailCell.swift */,
				F371A61F289FBDB40090472A /* MaintenanceTableViewCell.swift */,
				E8FE134C28C6930100401A7F /* MaintenanceHeaderView.swift */,
				E87D0A9528C7D0660085075F /* MaintenanceFooterCell.swift */,
			);
			path = MaintenanceCells;
			sourceTree = "<group>";
		};
		E8D8D22F28C1E6BC00791750 /* OrderRecord */ = {
			isa = PBXGroup;
			children = (
				E0DAD63528C5FF9100D09135 /* OrderRecordVC.swift */,
				E0DAD63128C5FECF00D09135 /* TechnicalRecordVC.swift */,
			);
			path = OrderRecord;
			sourceTree = "<group>";
		};
		F371A61C289FBD810090472A /* Maintenance */ = {
			isa = PBXGroup;
			children = (
				E87D0A9428C7D0260085075F /* MaintenanceCells */,
				F371A61D289FBD8C0090472A /* MaintenanceVC.swift */,
				F371A621289FBDCE0090472A /* MaintenanceOrderVC.swift */,
			);
			path = Maintenance;
			sourceTree = "<group>";
		};
/* End PBXGroup section */

/* Begin PBXNativeTarget section */
		84DDD26E287ED3A100272C19 /* QMotors */ = {
			isa = PBXNativeTarget;
			buildConfigurationList = 84DDD283287ED3A200272C19 /* Build configuration list for PBXNativeTarget "QMotors" */;
			buildPhases = (
				A0785A5182F2D1ED39B98034 /* [CP] Check Pods Manifest.lock */,
				84DDD26B287ED3A100272C19 /* Sources */,
				84DDD26C287ED3A100272C19 /* Frameworks */,
				84DDD26D287ED3A100272C19 /* Resources */,
				B8D2D9D07D696B016327EE58 /* [CP] Embed Pods Frameworks */,
			);
			buildRules = (
			);
			dependencies = (
			);
			name = QMotors;
			productName = QMotors;
			productReference = 84DDD26F287ED3A100272C19 /* QMotors.app */;
			productType = "com.apple.product-type.application";
		};
/* End PBXNativeTarget section */

/* Begin PBXProject section */
		84DDD267287ED3A000272C19 /* Project object */ = {
			isa = PBXProject;
			attributes = {
				BuildIndependentTargetsInParallel = 1;
				LastSwiftUpdateCheck = 1340;
				LastUpgradeCheck = 1340;
				TargetAttributes = {
					84DDD26E287ED3A100272C19 = {
						CreatedOnToolsVersion = 13.4.1;
					};
				};
			};
			buildConfigurationList = 84DDD26A287ED3A000272C19 /* Build configuration list for PBXProject "QMotors" */;
			compatibilityVersion = "Xcode 13.0";
			developmentRegion = en;
			hasScannedForEncodings = 0;
			knownRegions = (
				en,
				Base,
			);
			mainGroup = 84DDD266287ED3A000272C19;
			productRefGroup = 84DDD270287ED3A100272C19 /* Products */;
			projectDirPath = "";
			projectRoot = "";
			targets = (
				84DDD26E287ED3A100272C19 /* QMotors */,
			);
		};
/* End PBXProject section */

/* Begin PBXResourcesBuildPhase section */
		84DDD26D287ED3A100272C19 /* Resources */ = {
			isa = PBXResourcesBuildPhase;
			buildActionMask = 2147483647;
			files = (
				84DDD2B6287F0AE800272C19 /* Montserrat-SemiBoldItalic.ttf in Resources */,
				84DDD2B2287F0AE800272C19 /* Montserrat-Light.ttf in Resources */,
				84DDD27F287ED3A200272C19 /* LaunchScreen.storyboard in Resources */,
				84DDD2B0287F0AE800272C19 /* Montserrat-MediumItalic.ttf in Resources */,
				84DDD2B4287F0AE800272C19 /* Montserrat-BlackItalic.ttf in Resources */,
				84DDD2B1287F0AE800272C19 /* Montserrat-Regular.ttf in Resources */,
				84DDD27C287ED3A200272C19 /* Assets.xcassets in Resources */,
				84DDD2B5287F0AE800272C19 /* Montserrat-SemiBold.ttf in Resources */,
				84DDD2B8287F0AE800272C19 /* Montserrat-Black.ttf in Resources */,
				84DDD2AB287F0AE800272C19 /* Montserrat-ThinItalic.ttf in Resources */,
				84DDD27A287ED3A100272C19 /* Main.storyboard in Resources */,
				84DDD2B7287F0AE800272C19 /* Montserrat-Thin.ttf in Resources */,
				84DDD2AA287F0AE800272C19 /* Montserrat-Medium.ttf in Resources */,
				84DDD2AD287F0AE800272C19 /* Montserrat-ExtraBold.ttf in Resources */,
				84DDD2A8287F0AE800272C19 /* Montserrat-BoldItalic.ttf in Resources */,
				84DDD2A7287F0AE800272C19 /* Montserrat-Italic.ttf in Resources */,
				84DDD2A9287F0AE800272C19 /* Montserrat-ExtraLightItalic.ttf in Resources */,
				84DDD2AF287F0AE800272C19 /* Montserrat-ExtraBoldItalic.ttf in Resources */,
				84DDD2B3287F0AE800272C19 /* Montserrat-ExtraLight.ttf in Resources */,
				84DDD2AE287F0AE800272C19 /* Montserrat-Bold.ttf in Resources */,
				84DDD2AC287F0AE800272C19 /* Montserrat-LightItalic.ttf in Resources */,
			);
			runOnlyForDeploymentPostprocessing = 0;
		};
/* End PBXResourcesBuildPhase section */

/* Begin PBXShellScriptBuildPhase section */
		A0785A5182F2D1ED39B98034 /* [CP] Check Pods Manifest.lock */ = {
			isa = PBXShellScriptBuildPhase;
			buildActionMask = 2147483647;
			files = (
			);
			inputFileListPaths = (
			);
			inputPaths = (
				"${PODS_PODFILE_DIR_PATH}/Podfile.lock",
				"${PODS_ROOT}/Manifest.lock",
			);
			name = "[CP] Check Pods Manifest.lock";
			outputFileListPaths = (
			);
			outputPaths = (
				"$(DERIVED_FILE_DIR)/Pods-QMotors-checkManifestLockResult.txt",
			);
			runOnlyForDeploymentPostprocessing = 0;
			shellPath = /bin/sh;
			shellScript = "diff \"${PODS_PODFILE_DIR_PATH}/Podfile.lock\" \"${PODS_ROOT}/Manifest.lock\" > /dev/null\nif [ $? != 0 ] ; then\n    # print error to STDERR\n    echo \"error: The sandbox is not in sync with the Podfile.lock. Run 'pod install' or update your CocoaPods installation.\" >&2\n    exit 1\nfi\n# This output is used by Xcode 'outputs' to avoid re-running this script phase.\necho \"SUCCESS\" > \"${SCRIPT_OUTPUT_FILE_0}\"\n";
			showEnvVarsInLog = 0;
		};
		B8D2D9D07D696B016327EE58 /* [CP] Embed Pods Frameworks */ = {
			isa = PBXShellScriptBuildPhase;
			buildActionMask = 2147483647;
			files = (
			);
			inputFileListPaths = (
				"${PODS_ROOT}/Target Support Files/Pods-QMotors/Pods-QMotors-frameworks-${CONFIGURATION}-input-files.xcfilelist",
			);
			name = "[CP] Embed Pods Frameworks";
			outputFileListPaths = (
				"${PODS_ROOT}/Target Support Files/Pods-QMotors/Pods-QMotors-frameworks-${CONFIGURATION}-output-files.xcfilelist",
			);
			runOnlyForDeploymentPostprocessing = 0;
			shellPath = /bin/sh;
			shellScript = "\"${PODS_ROOT}/Target Support Files/Pods-QMotors/Pods-QMotors-frameworks.sh\"\n";
			showEnvVarsInLog = 0;
		};
/* End PBXShellScriptBuildPhase section */

/* Begin PBXSourcesBuildPhase section */
		84DDD26B287ED3A100272C19 /* Sources */ = {
			isa = PBXSourcesBuildPhase;
			buildActionMask = 2147483647;
			files = (
				84DDD288287ED54600272C19 /* MainRouter.swift in Sources */,
				84ACAF2B289184B90012508C /* Constants.swift in Sources */,
				84DDD28A287ED56200272C19 /* AppCoordinator.swift in Sources */,
				F371A622289FBDCE0090472A /* MaintenanceOrderVC.swift in Sources */,
				84ACAF30289185070012508C /* CustomTextField.swift in Sources */,
				E0DAD63228C5FECF00D09135 /* TechnicalRecordVC.swift in Sources */,
				84ACAF2D289184F80012508C /* CustomDropdown.swift in Sources */,
				4049212828A177AB00257750 /* CarResponse.swift in Sources */,
				048E657528C0BB7E00A5A6DA /* ChatSupportTableViewCell.swift in Sources */,
				7EA2EB6128A5067900C70910 /* SwitchView.swift in Sources */,
				8456BA6E2881659E00684AF5 /* PhoneCallButton.swift in Sources */,
				0408969C28C749F60065A93F /* ChatAPI.swift in Sources */,
				84DDD273287ED3A100272C19 /* AppDelegate.swift in Sources */,
				E08B3CEA28BF722600140D22 /* ArticlesResponce.swift in Sources */,
				84ACAF4E2892B1250012508C /* TechCellNaviButton.swift in Sources */,
				8498365028872B6A00EF47D0 /* SmsResponse.swift in Sources */,
				048E657328C0A87300A5A6DA /* ChatVC.swift in Sources */,
				E8FE134D28C6930100401A7F /* MaintenanceHeaderView.swift in Sources */,
				E02E317928A414710067CEAB /* OrdersForCarVC.swift in Sources */,
				E869A76128C107A100B961F4 /* HelpAPI.swift in Sources */,
				406B189228BFE9DB00112178 /* NotificationTableViewCell.swift in Sources */,
				84ACAF342891857F0012508C /* UITextField+Extension.swift in Sources */,
				84ACAF4628927DEB0012508C /* CarModelResponse.swift in Sources */,
				84DDD275287ED3A100272C19 /* SceneDelegate.swift in Sources */,
				E869A76328C1089900B961F4 /* HelpResponce.swift in Sources */,
				040D610E28C62CE400B772F4 /* QRCodeVC.swift in Sources */,
				406B18C228BFEB9C00112178 /* RequestInterceptor.swift in Sources */,
				84DDD2BE287F393300272C19 /* SideMenuVC.swift in Sources */,
				E08B3CE628BF690A00140D22 /* ArticlesViewController.swift in Sources */,
				84ACAF31289185070012508C /* CustomLabel.swift in Sources */,
				E87D0A9628C7D0660085075F /* MaintenanceFooterCell.swift in Sources */,
				405E643C28AA772100A07FEC /* GenderSwitch.swift in Sources */,
				406B188D28BFE99F00112178 /* AllFeedBacksViewController.swift in Sources */,
				406B18CA28BFEB9C00112178 /* ReminderAPI.swift in Sources */,
				0479D20D28C8535F0003A912 /* MimeType + Extension.swift in Sources */,
				84D94F5B2885AD4A0023AA02 /* ActionButton.swift in Sources */,
				E869A75F28C1026B00B961F4 /* HelpController.swift in Sources */,
				4013070E28B2453D00A8F662 /* AddReminderVC.swift in Sources */,
				406B189928BFE9E300112178 /* BonusTableViewCell.swift in Sources */,
				4013071428B3473C00A8F662 /* MyRemindersVC.swift in Sources */,
				E02E317B28A514530067CEAB /* OrderForCarTableViewCell.swift in Sources */,
				7EA2EB5F28A5067900C70910 /* BirthdayPicker.swift in Sources */,
				E08B3CF028BF885300140D22 /* NSAttributedString + Extension.swift in Sources */,
				84ACAF502892C6C70012508C /* TechCellSingUpButton.swift in Sources */,
				E02E318228A522BD0067CEAB /* CarOrderResponce.swift in Sources */,
				4013071828B34EF300A8F662 /* ReminderResponce.swift in Sources */,
				406B188B28BFE99F00112178 /* FeedBackViewController.swift in Sources */,
				84ACAF352891857F0012508C /* UIViewController+Extension.swift in Sources */,
				E02E316C28A2BFAD0067CEAB /* NewOrder.swift in Sources */,
				7EA2EB6028A5067900C70910 /* TitledTextField.swift in Sources */,
				0408969E28C759C40065A93F /* MessagesResponse.swift in Sources */,
				848D9AB1288054FF00C4BC3F /* SideMenuButton.swift in Sources */,
				84AE2742288D4792000870D4 /* Formatter+Separator.swift in Sources */,
				84AFF8292887DBD0009207BD /* CustomError.swift in Sources */,
				406B188A28BFE99F00112178 /* CreateFeedBackVC.swift in Sources */,
				406B18C628BFEB9C00112178 /* BaseAPI.swift in Sources */,
				84AC3B96289AAE5300353231 /* String+Extension.swift in Sources */,
				401C746428A1431600CA5DAD /* CarInfoVC.swift in Sources */,
				8456BA6B28815AF200684AF5 /* PhoneCallView.swift in Sources */,
				E08B3CE828BF692B00140D22 /* ArticlesTableViewCell.swift in Sources */,
				84A4AB6B2889CCB900B657F1 /* LogoutButton.swift in Sources */,
				84D94F5928855F0D0023AA02 /* MainVC.swift in Sources */,
				E87D0A9828C7D9630085075F /* FreeDiagnosticResponce.swift in Sources */,
				84B2411528AD84A0000A6396 /* MyCarOrder.swift in Sources */,
				E02E317128A3CB990067CEAB /* HistoryCarTableViewCell.swift in Sources */,
				E02E318028A51C990067CEAB /* DeteilOrderForCarTableViewCell.swift in Sources */,
				4001C71628C752F2004D25A9 /* AddStockVC.swift in Sources */,
				406B18CB28BFEB9C00112178 /* NetworkError.swift in Sources */,
				048E657928C0D11100A5A6DA /* ChatTableViewCell.swift in Sources */,
				E0DAD63C28C6054500D09135 /* ArticleAPI.swift in Sources */,
				4013071628B349B800A8F662 /* MyRamindersTableViewCell.swift in Sources */,
				405CB82028B5E61200881004 /* ReminderCellEditButton.swift in Sources */,
				84AE2737288AE772000870D4 /* MyCarsVC.swift in Sources */,
				40BA091328A23B8B00990A72 /* DeleteButton.swift in Sources */,
				4003922E28B5F1B1001E174B /* MyLastRemindersTableViewCell.swift in Sources */,
				406B18D228BFEBEF00112178 /* ListTechCentersResponce.swift in Sources */,
				E02E317E28A51AC90067CEAB /* DeteilOrderForCarVC.swift in Sources */,
				4001C71228C7355F004D25A9 /* StockAPI.swift in Sources */,
				406B18C528BFEB9C00112178 /* TechCenterAPI.swift in Sources */,
				88038F4928A905A5009A0A59 /* CarInfoCollectionViewCell.swift in Sources */,
				84DDD28F287EF04700272C19 /* BaseVC.swift in Sources */,
				406B189128BFE9DB00112178 /* NotificationVC.swift in Sources */,
				84ACAF292891848D0012508C /* CarVC.swift in Sources */,
				40D9C27728AAB1BB005195B5 /* UIImage+Extension.swift in Sources */,
				F371A620289FBDB40090472A /* MaintenanceTableViewCell.swift in Sources */,
				84ACAF4C28929DE40012508C /* TechnicalCenterTableViewCell.swift in Sources */,
				E869A75928C0E33500B961F4 /* MaintenanceDetailCell.swift in Sources */,
				848D9AAF28804C6A00C4BC3F /* RouteButton.swift in Sources */,
				E02E316F28A3C9790067CEAB /* HistoryCarsVC.swift in Sources */,
				84AE2734288AB460000870D4 /* SideMenuTableViewCell.swift in Sources */,
				406B18C328BFEB9C00112178 /* OrderAPI.swift in Sources */,
				F371A61E289FBD8C0090472A /* MaintenanceVC.swift in Sources */,
				84AE273B288BEE75000870D4 /* UISegmentedControl+Extension.swift in Sources */,
				84AC3B98289B007900353231 /* TechnicalCenter.swift in Sources */,
				4001C71028C734A9004D25A9 /* StockResponce.swift in Sources */,
				4013071028B2465600A8F662 /* NewReminder.swift in Sources */,
				84AE273D288BF10E000870D4 /* MyCarsTableViewCell.swift in Sources */,
				84ACAF4728927DEB0012508C /* CarMarkResponse.swift in Sources */,
				406B18C128BFEB9C00112178 /* BonusAPI.swift in Sources */,
				040CD5ED28CA2179002513BF /* UITableView + Extension.swift in Sources */,
				406B18C928BFEB9C00112178 /* CarAPI.swift in Sources */,
				E08B3CEE28BF7CA800140D22 /* ArticleDeteilViewController.swift in Sources */,
				84A4AB692889C51700B657F1 /* CabinetVC.swift in Sources */,
				E02E316A28A2BCA30067CEAB /* OrderTypeResponce.swift in Sources */,
				84AE2739288BD45E000870D4 /* SmallBackButton.swift in Sources */,
				8456BA702881786600684AF5 /* RequestCallButton.swift in Sources */,
				406B188C28BFE99F00112178 /* AllFeedBacksTableViewCell.swift in Sources */,
				F34B850F28A01410006334FD /* UserAutos.swift in Sources */,
				84A4AB6D2889CFB800B657F1 /* PersonalAreaButton.swift in Sources */,
				405CB81E28B5E51100881004 /* ReminderCellButton.swift in Sources */,
				406B18D128BFEBEF00112178 /* ReviewResponce.swift in Sources */,
				84A509A928A2540500B30D6E /* CabinetBackButton.swift in Sources */,
				406B18C728BFEB9C00112178 /* ProfileAPI.swift in Sources */,
				406B189728BFE9E300112178 /* BonusVC.swift in Sources */,
				849836312886974800EF47D0 /* BackButton.swift in Sources */,
				84DDD292287F0A2E00272C19 /* MainScreenButton.swift in Sources */,
				84ACAF4A289285320012508C /* TechnicalCenterVC.swift in Sources */,
				84ACAF4328927D970012508C /* CustomPhotoView.swift in Sources */,
				84D94F57288559D90023AA02 /* RegistrationVC.swift in Sources */,
				406B18C428BFEB9C00112178 /* NotificationAPI.swift in Sources */,
				4001C70C28C7246D004D25A9 /* StockVC.swift in Sources */,
				4001C70E28C725F7004D25A9 /* StockTableViewCell.swift in Sources */,
				E0DAD63628C5FF9100D09135 /* OrderRecordVC.swift in Sources */,
				84AE2730288AA63E000870D4 /* UserDefaults.swift in Sources */,
				849836372886EDBC00EF47D0 /* AuthResponse.swift in Sources */,
				406B18C028BFEB9C00112178 /* LoginAPI.swift in Sources */,
				84A509AF28A26E3200B30D6E /* ProfileVC.swift in Sources */,
				406B18D328BFEBEF00112178 /* BonusResponse.swift in Sources */,
				406B189828BFE9E300112178 /* MainBonusTableViewCell.swift in Sources */,
				4001C71428C74A5D004D25A9 /* StockInfoVC.swift in Sources */,
				4006222028A3CC2200E55C04 /* CarInfoNumberView.swift in Sources */,
				40C8EEA328BE821900DFD003 /* NotificationService.swift in Sources */,
				E87D0A9A28C7DA020085075F /* FreeDiagnosticAPI.swift in Sources */,
				84DDD2BB287F12FC00272C19 /* UIColor+Extension.swift in Sources */,
				406B18D028BFEBEF00112178 /* NotificationLocal.swift in Sources */,
				406B18C828BFEB9C00112178 /* ReviewAPI.swift in Sources */,
				84AE273F288D2AFF000870D4 /* CarNumberView.swift in Sources */,
			);
			runOnlyForDeploymentPostprocessing = 0;
		};
/* End PBXSourcesBuildPhase section */

/* Begin PBXVariantGroup section */
		84DDD278287ED3A100272C19 /* Main.storyboard */ = {
			isa = PBXVariantGroup;
			children = (
				84DDD279287ED3A100272C19 /* Base */,
			);
			name = Main.storyboard;
			sourceTree = "<group>";
		};
		84DDD27D287ED3A200272C19 /* LaunchScreen.storyboard */ = {
			isa = PBXVariantGroup;
			children = (
				84DDD27E287ED3A200272C19 /* Base */,
			);
			name = LaunchScreen.storyboard;
			sourceTree = "<group>";
		};
/* End PBXVariantGroup section */

/* Begin XCBuildConfiguration section */
		84DDD281287ED3A200272C19 /* Debug */ = {
			isa = XCBuildConfiguration;
			buildSettings = {
				ALWAYS_SEARCH_USER_PATHS = NO;
				CLANG_ANALYZER_NONNULL = YES;
				CLANG_ANALYZER_NUMBER_OBJECT_CONVERSION = YES_AGGRESSIVE;
				CLANG_CXX_LANGUAGE_STANDARD = "gnu++17";
				CLANG_ENABLE_MODULES = YES;
				CLANG_ENABLE_OBJC_ARC = YES;
				CLANG_ENABLE_OBJC_WEAK = YES;
				CLANG_WARN_BLOCK_CAPTURE_AUTORELEASING = YES;
				CLANG_WARN_BOOL_CONVERSION = YES;
				CLANG_WARN_COMMA = YES;
				CLANG_WARN_CONSTANT_CONVERSION = YES;
				CLANG_WARN_DEPRECATED_OBJC_IMPLEMENTATIONS = YES;
				CLANG_WARN_DIRECT_OBJC_ISA_USAGE = YES_ERROR;
				CLANG_WARN_DOCUMENTATION_COMMENTS = YES;
				CLANG_WARN_EMPTY_BODY = YES;
				CLANG_WARN_ENUM_CONVERSION = YES;
				CLANG_WARN_INFINITE_RECURSION = YES;
				CLANG_WARN_INT_CONVERSION = YES;
				CLANG_WARN_NON_LITERAL_NULL_CONVERSION = YES;
				CLANG_WARN_OBJC_IMPLICIT_RETAIN_SELF = YES;
				CLANG_WARN_OBJC_LITERAL_CONVERSION = YES;
				CLANG_WARN_OBJC_ROOT_CLASS = YES_ERROR;
				CLANG_WARN_QUOTED_INCLUDE_IN_FRAMEWORK_HEADER = YES;
				CLANG_WARN_RANGE_LOOP_ANALYSIS = YES;
				CLANG_WARN_STRICT_PROTOTYPES = YES;
				CLANG_WARN_SUSPICIOUS_MOVE = YES;
				CLANG_WARN_UNGUARDED_AVAILABILITY = YES_AGGRESSIVE;
				CLANG_WARN_UNREACHABLE_CODE = YES;
				CLANG_WARN__DUPLICATE_METHOD_MATCH = YES;
				COPY_PHASE_STRIP = NO;
				DEBUG_INFORMATION_FORMAT = dwarf;
				ENABLE_STRICT_OBJC_MSGSEND = YES;
				ENABLE_TESTABILITY = YES;
				GCC_C_LANGUAGE_STANDARD = gnu11;
				GCC_DYNAMIC_NO_PIC = NO;
				GCC_NO_COMMON_BLOCKS = YES;
				GCC_OPTIMIZATION_LEVEL = 0;
				GCC_PREPROCESSOR_DEFINITIONS = (
					"DEBUG=1",
					"$(inherited)",
				);
				GCC_WARN_64_TO_32_BIT_CONVERSION = YES;
				GCC_WARN_ABOUT_RETURN_TYPE = YES_ERROR;
				GCC_WARN_UNDECLARED_SELECTOR = YES;
				GCC_WARN_UNINITIALIZED_AUTOS = YES_AGGRESSIVE;
				GCC_WARN_UNUSED_FUNCTION = YES;
				GCC_WARN_UNUSED_VARIABLE = YES;
				IPHONEOS_DEPLOYMENT_TARGET = 14.0;
				MTL_ENABLE_DEBUG_INFO = INCLUDE_SOURCE;
				MTL_FAST_MATH = YES;
				ONLY_ACTIVE_ARCH = YES;
				SDKROOT = iphoneos;
				SWIFT_ACTIVE_COMPILATION_CONDITIONS = DEBUG;
				SWIFT_OPTIMIZATION_LEVEL = "-Onone";
			};
			name = Debug;
		};
		84DDD282287ED3A200272C19 /* Release */ = {
			isa = XCBuildConfiguration;
			buildSettings = {
				ALWAYS_SEARCH_USER_PATHS = NO;
				CLANG_ANALYZER_NONNULL = YES;
				CLANG_ANALYZER_NUMBER_OBJECT_CONVERSION = YES_AGGRESSIVE;
				CLANG_CXX_LANGUAGE_STANDARD = "gnu++17";
				CLANG_ENABLE_MODULES = YES;
				CLANG_ENABLE_OBJC_ARC = YES;
				CLANG_ENABLE_OBJC_WEAK = YES;
				CLANG_WARN_BLOCK_CAPTURE_AUTORELEASING = YES;
				CLANG_WARN_BOOL_CONVERSION = YES;
				CLANG_WARN_COMMA = YES;
				CLANG_WARN_CONSTANT_CONVERSION = YES;
				CLANG_WARN_DEPRECATED_OBJC_IMPLEMENTATIONS = YES;
				CLANG_WARN_DIRECT_OBJC_ISA_USAGE = YES_ERROR;
				CLANG_WARN_DOCUMENTATION_COMMENTS = YES;
				CLANG_WARN_EMPTY_BODY = YES;
				CLANG_WARN_ENUM_CONVERSION = YES;
				CLANG_WARN_INFINITE_RECURSION = YES;
				CLANG_WARN_INT_CONVERSION = YES;
				CLANG_WARN_NON_LITERAL_NULL_CONVERSION = YES;
				CLANG_WARN_OBJC_IMPLICIT_RETAIN_SELF = YES;
				CLANG_WARN_OBJC_LITERAL_CONVERSION = YES;
				CLANG_WARN_OBJC_ROOT_CLASS = YES_ERROR;
				CLANG_WARN_QUOTED_INCLUDE_IN_FRAMEWORK_HEADER = YES;
				CLANG_WARN_RANGE_LOOP_ANALYSIS = YES;
				CLANG_WARN_STRICT_PROTOTYPES = YES;
				CLANG_WARN_SUSPICIOUS_MOVE = YES;
				CLANG_WARN_UNGUARDED_AVAILABILITY = YES_AGGRESSIVE;
				CLANG_WARN_UNREACHABLE_CODE = YES;
				CLANG_WARN__DUPLICATE_METHOD_MATCH = YES;
				COPY_PHASE_STRIP = NO;
				DEBUG_INFORMATION_FORMAT = "dwarf-with-dsym";
				ENABLE_NS_ASSERTIONS = NO;
				ENABLE_STRICT_OBJC_MSGSEND = YES;
				GCC_C_LANGUAGE_STANDARD = gnu11;
				GCC_NO_COMMON_BLOCKS = YES;
				GCC_WARN_64_TO_32_BIT_CONVERSION = YES;
				GCC_WARN_ABOUT_RETURN_TYPE = YES_ERROR;
				GCC_WARN_UNDECLARED_SELECTOR = YES;
				GCC_WARN_UNINITIALIZED_AUTOS = YES_AGGRESSIVE;
				GCC_WARN_UNUSED_FUNCTION = YES;
				GCC_WARN_UNUSED_VARIABLE = YES;
				IPHONEOS_DEPLOYMENT_TARGET = 14.0;
				MTL_ENABLE_DEBUG_INFO = NO;
				MTL_FAST_MATH = YES;
				SDKROOT = iphoneos;
				SWIFT_COMPILATION_MODE = wholemodule;
				SWIFT_OPTIMIZATION_LEVEL = "-O";
				VALIDATE_PRODUCT = YES;
			};
			name = Release;
		};
		84DDD284287ED3A200272C19 /* Debug */ = {
			isa = XCBuildConfiguration;
			baseConfigurationReference = 25EE654A6181C6218A5559D4 /* Pods-QMotors.debug.xcconfig */;
			buildSettings = {
				ASSETCATALOG_COMPILER_APPICON_NAME = AppIcon;
				ASSETCATALOG_COMPILER_GLOBAL_ACCENT_COLOR_NAME = AccentColor;
				CODE_SIGN_IDENTITY = "Apple Development";
				CODE_SIGN_STYLE = Automatic;
				CURRENT_PROJECT_VERSION = 1;
				DEVELOPMENT_TEAM = 2NJA6A6R83;
				GENERATE_INFOPLIST_FILE = YES;
				INFOPLIST_FILE = QMotors/Info.plist;
				INFOPLIST_KEY_NSCameraUsageDescription = "Разрешить доступ к камере для возможности фотографировать авто";
				INFOPLIST_KEY_NSLocationAlwaysAndWhenInUseUsageDescription = "Разрешить всегда получать местоположения, чтобы показать маршрут";
				INFOPLIST_KEY_NSLocationWhenInUseUsageDescription = "Разрешить получение местоположения, чтобы показать маршрут, когда приложение используется";
				INFOPLIST_KEY_UIApplicationSupportsIndirectInputEvents = YES;
				INFOPLIST_KEY_UILaunchStoryboardName = LaunchScreen;
				INFOPLIST_KEY_UIMainStoryboardFile = Main;
				INFOPLIST_KEY_UISupportedInterfaceOrientations = UIInterfaceOrientationPortrait;
				INFOPLIST_KEY_UISupportedInterfaceOrientations_iPad = "UIInterfaceOrientationPortrait UIInterfaceOrientationPortraitUpsideDown UIInterfaceOrientationLandscapeLeft UIInterfaceOrientationLandscapeRight";
				INFOPLIST_KEY_UISupportedInterfaceOrientations_iPhone = "UIInterfaceOrientationPortrait UIInterfaceOrientationLandscapeLeft UIInterfaceOrientationLandscapeRight";
				IPHONEOS_DEPLOYMENT_TARGET = 14.0;
				LD_RUNPATH_SEARCH_PATHS = (
					"$(inherited)",
					"@executable_path/Frameworks",
				);
				MARKETING_VERSION = 1.0;
				PRODUCT_BUNDLE_IDENTIFIER = com.quality.motors;
				PRODUCT_NAME = "$(TARGET_NAME)";
				PROVISIONING_PROFILE_SPECIFIER = "";
				SWIFT_EMIT_LOC_STRINGS = YES;
				SWIFT_VERSION = 5.0;
				TARGETED_DEVICE_FAMILY = "1,2";
			};
			name = Debug;
		};
		84DDD285287ED3A200272C19 /* Release */ = {
			isa = XCBuildConfiguration;
			baseConfigurationReference = 297813ADA6CD9EA7AE640A7E /* Pods-QMotors.release.xcconfig */;
			buildSettings = {
				ASSETCATALOG_COMPILER_APPICON_NAME = AppIcon;
				ASSETCATALOG_COMPILER_GLOBAL_ACCENT_COLOR_NAME = AccentColor;
				CODE_SIGN_IDENTITY = "Apple Development";
				CODE_SIGN_STYLE = Automatic;
				CURRENT_PROJECT_VERSION = 1;
				DEVELOPMENT_TEAM = 2NJA6A6R83;
				GENERATE_INFOPLIST_FILE = YES;
				INFOPLIST_FILE = QMotors/Info.plist;
				INFOPLIST_KEY_NSCameraUsageDescription = "Разрешить доступ к камере для возможности фотографировать авто";
				INFOPLIST_KEY_NSLocationAlwaysAndWhenInUseUsageDescription = "Разрешить всегда получать местоположения, чтобы показать маршрут";
				INFOPLIST_KEY_NSLocationWhenInUseUsageDescription = "Разрешить получение местоположения, чтобы показать маршрут, когда приложение используется";
				INFOPLIST_KEY_UIApplicationSupportsIndirectInputEvents = YES;
				INFOPLIST_KEY_UILaunchStoryboardName = LaunchScreen;
				INFOPLIST_KEY_UIMainStoryboardFile = Main;
				INFOPLIST_KEY_UISupportedInterfaceOrientations = UIInterfaceOrientationPortrait;
				INFOPLIST_KEY_UISupportedInterfaceOrientations_iPad = "UIInterfaceOrientationPortrait UIInterfaceOrientationPortraitUpsideDown UIInterfaceOrientationLandscapeLeft UIInterfaceOrientationLandscapeRight";
				INFOPLIST_KEY_UISupportedInterfaceOrientations_iPhone = "UIInterfaceOrientationPortrait UIInterfaceOrientationLandscapeLeft UIInterfaceOrientationLandscapeRight";
				IPHONEOS_DEPLOYMENT_TARGET = 14.0;
				LD_RUNPATH_SEARCH_PATHS = (
					"$(inherited)",
					"@executable_path/Frameworks",
				);
				MARKETING_VERSION = 1.0;
				PRODUCT_BUNDLE_IDENTIFIER = com.quality.motors;
				PRODUCT_NAME = "$(TARGET_NAME)";
				PROVISIONING_PROFILE_SPECIFIER = "";
				SWIFT_EMIT_LOC_STRINGS = YES;
				SWIFT_VERSION = 5.0;
				TARGETED_DEVICE_FAMILY = "1,2";
			};
			name = Release;
		};
/* End XCBuildConfiguration section */

/* Begin XCConfigurationList section */
		84DDD26A287ED3A000272C19 /* Build configuration list for PBXProject "QMotors" */ = {
			isa = XCConfigurationList;
			buildConfigurations = (
				84DDD281287ED3A200272C19 /* Debug */,
				84DDD282287ED3A200272C19 /* Release */,
			);
			defaultConfigurationIsVisible = 0;
			defaultConfigurationName = Release;
		};
		84DDD283287ED3A200272C19 /* Build configuration list for PBXNativeTarget "QMotors" */ = {
			isa = XCConfigurationList;
			buildConfigurations = (
				84DDD284287ED3A200272C19 /* Debug */,
				84DDD285287ED3A200272C19 /* Release */,
			);
			defaultConfigurationIsVisible = 0;
			defaultConfigurationName = Release;
		};
/* End XCConfigurationList section */
	};
	rootObject = 84DDD267287ED3A000272C19 /* Project object */;
}
